// !$*UTF8*$!
{
	archiveVersion = 1;
	classes = {
	};
	objectVersion = 46;
	objects = {

/* Begin PBXBuildFile section */
		55038DE0144CDA4900EA5841 /* SwiftPlayhead.m in Sources */ = {isa = PBXBuildFile; fileRef = 55038DDF144CDA4900EA5841 /* SwiftPlayhead.m */; };
		55038DE4144E399F00EA5841 /* SwiftPlacedText.m in Sources */ = {isa = PBXBuildFile; fileRef = 55038DE3144E399D00EA5841 /* SwiftPlacedText.m */; };
		55038DE7144E489F00EA5841 /* SwiftHTMLToCoreTextConverter.m in Sources */ = {isa = PBXBuildFile; fileRef = 55038DE6144E489E00EA5841 /* SwiftHTMLToCoreTextConverter.m */; };
		5516B4C61446D0EA00231D67 /* Cocoa.framework in Frameworks */ = {isa = PBXBuildFile; fileRef = 5516B4C51446D0EA00231D67 /* Cocoa.framework */; };
		5516B4DD1446D75900231D67 /* SwiftParser.m in Sources */ = {isa = PBXBuildFile; fileRef = 55F65A7214429C9E00E12C27 /* SwiftParser.m */; };
		5516B4DE1446D75900231D67 /* SwiftTypes.m in Sources */ = {isa = PBXBuildFile; fileRef = 55F65A5E14429C9E00E12C27 /* SwiftTypes.m */; };
		5516B4DF1446D75900231D67 /* SwiftUtil.m in Sources */ = {isa = PBXBuildFile; fileRef = 5595A5931442A7CC00DECD41 /* SwiftUtil.m */; };
		5516B4E01446D75900231D67 /* SwiftDynamicText.m in Sources */ = {isa = PBXBuildFile; fileRef = 55F65A6014429C9E00E12C27 /* SwiftDynamicText.m */; };
		5516B4E11446D75900231D67 /* SwiftFillStyle.m in Sources */ = {isa = PBXBuildFile; fileRef = 55F65A6214429C9E00E12C27 /* SwiftFillStyle.m */; };
		5516B4E21446D75900231D67 /* SwiftFont.m in Sources */ = {isa = PBXBuildFile; fileRef = 55F65A6414429C9E00E12C27 /* SwiftFont.m */; };
		5516B4E31446D75900231D67 /* SwiftFontGlyph.m in Sources */ = {isa = PBXBuildFile; fileRef = 55F65A6614429C9E00E12C27 /* SwiftFontGlyph.m */; };
		5516B4E41446D75900231D67 /* SwiftFrame.m in Sources */ = {isa = PBXBuildFile; fileRef = 55F65A6814429C9E00E12C27 /* SwiftFrame.m */; };
		5516B4E51446D75900231D67 /* SwiftGradient.m in Sources */ = {isa = PBXBuildFile; fileRef = 55F65A6A14429C9E00E12C27 /* SwiftGradient.m */; };
		5516B4E61446D75900231D67 /* SwiftLineStyle.m in Sources */ = {isa = PBXBuildFile; fileRef = 55F65A6C14429C9E00E12C27 /* SwiftLineStyle.m */; };
		5516B4E71446D75900231D67 /* SwiftMovie.m in Sources */ = {isa = PBXBuildFile; fileRef = 55F65A6E14429C9E00E12C27 /* SwiftMovie.m */; };
		5516B4E81446D75900231D67 /* SwiftPath.m in Sources */ = {isa = PBXBuildFile; fileRef = 55F65A7414429C9E00E12C27 /* SwiftPath.m */; };
		5516B4EA1446D75900231D67 /* SwiftPlacedObject.m in Sources */ = {isa = PBXBuildFile; fileRef = 55F65A7814429C9E00E12C27 /* SwiftPlacedObject.m */; };
		5516B4EB1446D75900231D67 /* SwiftScene.m in Sources */ = {isa = PBXBuildFile; fileRef = 55DBFAC01444EE20003AA0DA /* SwiftScene.m */; };
		5516B4EC1446D75900231D67 /* SwiftShape.m in Sources */ = {isa = PBXBuildFile; fileRef = 55F65A7A14429C9E00E12C27 /* SwiftShape.m */; };
		5516B4ED1446D75900231D67 /* SwiftSceneAndFrameLabelData.m in Sources */ = {isa = PBXBuildFile; fileRef = 55F9C75714464B1300FE8E4F /* SwiftSceneAndFrameLabelData.m */; };
		5516B4EE1446D75900231D67 /* SwiftSprite.m in Sources */ = {isa = PBXBuildFile; fileRef = 55F65A7C14429C9E00E12C27 /* SwiftSprite.m */; };
		5516B4EF1446D75900231D67 /* SwiftStaticText.m in Sources */ = {isa = PBXBuildFile; fileRef = 55F65A7E14429C9E00E12C27 /* SwiftStaticText.m */; };
		5516B4F01446D75900231D67 /* SwiftTextRecord.m in Sources */ = {isa = PBXBuildFile; fileRef = 55F65A8014429C9E00E12C27 /* SwiftTextRecord.m */; };
		5516B4F11446D75900231D67 /* SwiftLayer.m in Sources */ = {isa = PBXBuildFile; fileRef = 55DBFAB51443A453003AA0DA /* SwiftLayer.m */; };
		5516B4F21446D75900231D67 /* SwiftRenderer.m in Sources */ = {isa = PBXBuildFile; fileRef = 55F65A7014429C9E00E12C27 /* SwiftRenderer.m */; };
		5516B50B144799FA00231D67 /* SwiftPNGExporter.m in Sources */ = {isa = PBXBuildFile; fileRef = 5516B50A144799FA00231D67 /* SwiftPNGExporter.m */; };
		5516B50E14479A0D00231D67 /* SwiftSVGExporter.m in Sources */ = {isa = PBXBuildFile; fileRef = 5516B50D14479A0D00231D67 /* SwiftSVGExporter.m */; };
		5516B50F14479D5300231D67 /* SwiftPNGExporter.m in Sources */ = {isa = PBXBuildFile; fileRef = 5516B50A144799FA00231D67 /* SwiftPNGExporter.m */; };
		5516B51014479D5300231D67 /* SwiftSVGExporter.m in Sources */ = {isa = PBXBuildFile; fileRef = 5516B50D14479A0D00231D67 /* SwiftSVGExporter.m */; };
		5595A5F51442C03300DECD41 /* SwiftDynamicText.m in Sources */ = {isa = PBXBuildFile; fileRef = 55F65A6014429C9E00E12C27 /* SwiftDynamicText.m */; };
		5595A5F61442C03300DECD41 /* SwiftFillStyle.m in Sources */ = {isa = PBXBuildFile; fileRef = 55F65A6214429C9E00E12C27 /* SwiftFillStyle.m */; };
		5595A5F71442C03300DECD41 /* SwiftFont.m in Sources */ = {isa = PBXBuildFile; fileRef = 55F65A6414429C9E00E12C27 /* SwiftFont.m */; };
		5595A5F81442C03300DECD41 /* SwiftFontGlyph.m in Sources */ = {isa = PBXBuildFile; fileRef = 55F65A6614429C9E00E12C27 /* SwiftFontGlyph.m */; };
		5595A5F91442C03300DECD41 /* SwiftFrame.m in Sources */ = {isa = PBXBuildFile; fileRef = 55F65A6814429C9E00E12C27 /* SwiftFrame.m */; };
		5595A5FA1442C03300DECD41 /* SwiftGradient.m in Sources */ = {isa = PBXBuildFile; fileRef = 55F65A6A14429C9E00E12C27 /* SwiftGradient.m */; };
		5595A5FB1442C03300DECD41 /* SwiftLineStyle.m in Sources */ = {isa = PBXBuildFile; fileRef = 55F65A6C14429C9E00E12C27 /* SwiftLineStyle.m */; };
		5595A5FC1442C03300DECD41 /* SwiftMovie.m in Sources */ = {isa = PBXBuildFile; fileRef = 55F65A6E14429C9E00E12C27 /* SwiftMovie.m */; };
		5595A5FD1442C03300DECD41 /* SwiftRenderer.m in Sources */ = {isa = PBXBuildFile; fileRef = 55F65A7014429C9E00E12C27 /* SwiftRenderer.m */; };
		5595A5FE1442C03300DECD41 /* SwiftParser.m in Sources */ = {isa = PBXBuildFile; fileRef = 55F65A7214429C9E00E12C27 /* SwiftParser.m */; };
		5595A5FF1442C03300DECD41 /* SwiftPath.m in Sources */ = {isa = PBXBuildFile; fileRef = 55F65A7414429C9E00E12C27 /* SwiftPath.m */; };
		5595A6011442C03300DECD41 /* SwiftPlacedObject.m in Sources */ = {isa = PBXBuildFile; fileRef = 55F65A7814429C9E00E12C27 /* SwiftPlacedObject.m */; };
		5595A6021442C03300DECD41 /* SwiftShape.m in Sources */ = {isa = PBXBuildFile; fileRef = 55F65A7A14429C9E00E12C27 /* SwiftShape.m */; };
		5595A6031442C03300DECD41 /* SwiftSprite.m in Sources */ = {isa = PBXBuildFile; fileRef = 55F65A7C14429C9E00E12C27 /* SwiftSprite.m */; };
		5595A6041442C03300DECD41 /* SwiftStaticText.m in Sources */ = {isa = PBXBuildFile; fileRef = 55F65A7E14429C9E00E12C27 /* SwiftStaticText.m */; };
		5595A6051442C03300DECD41 /* SwiftTextRecord.m in Sources */ = {isa = PBXBuildFile; fileRef = 55F65A8014429C9E00E12C27 /* SwiftTextRecord.m */; };
		5595A6061442C03300DECD41 /* SwiftTypes.m in Sources */ = {isa = PBXBuildFile; fileRef = 55F65A5E14429C9E00E12C27 /* SwiftTypes.m */; };
		5595A6071442C03300DECD41 /* SwiftUtil.m in Sources */ = {isa = PBXBuildFile; fileRef = 5595A5931442A7CC00DECD41 /* SwiftUtil.m */; };
		55DBFAB61443A454003AA0DA /* SwiftLayer.m in Sources */ = {isa = PBXBuildFile; fileRef = 55DBFAB51443A453003AA0DA /* SwiftLayer.m */; };
		55DBFABE1444EAAE003AA0DA /* SwiftMovieView.m in Sources */ = {isa = PBXBuildFile; fileRef = 55DBFABD1444EAAE003AA0DA /* SwiftMovieView.m */; };
		55DBFAC11444EE22003AA0DA /* SwiftScene.m in Sources */ = {isa = PBXBuildFile; fileRef = 55DBFAC01444EE20003AA0DA /* SwiftScene.m */; };
		55F9C75814464B1300FE8E4F /* SwiftSceneAndFrameLabelData.m in Sources */ = {isa = PBXBuildFile; fileRef = 55F9C75714464B1300FE8E4F /* SwiftSceneAndFrameLabelData.m */; };
/* End PBXBuildFile section */

/* Begin PBXFileReference section */
		55038DDE144CDA4900EA5841 /* SwiftPlayhead.h */ = {isa = PBXFileReference; fileEncoding = 4; lastKnownFileType = sourcecode.c.h; name = SwiftPlayhead.h; path = Source/SwiftPlayhead.h; sourceTree = "<group>"; };
		55038DDF144CDA4900EA5841 /* SwiftPlayhead.m */ = {isa = PBXFileReference; fileEncoding = 4; lastKnownFileType = sourcecode.c.objc; name = SwiftPlayhead.m; path = Source/SwiftPlayhead.m; sourceTree = "<group>"; };
		55038DE2144E399C00EA5841 /* SwiftPlacedText.h */ = {isa = PBXFileReference; fileEncoding = 4; lastKnownFileType = sourcecode.c.h; name = SwiftPlacedText.h; path = Source/SwiftPlacedText.h; sourceTree = "<group>"; };
		55038DE3144E399D00EA5841 /* SwiftPlacedText.m */ = {isa = PBXFileReference; fileEncoding = 4; lastKnownFileType = sourcecode.c.objc; name = SwiftPlacedText.m; path = Source/SwiftPlacedText.m; sourceTree = "<group>"; };
		55038DE5144E489D00EA5841 /* SwiftHTMLToCoreTextConverter.h */ = {isa = PBXFileReference; fileEncoding = 4; name = SwiftHTMLToCoreTextConverter.h; path = Source/SwiftHTMLToCoreTextConverter.h; sourceTree = "<group>"; };
		55038DE6144E489E00EA5841 /* SwiftHTMLToCoreTextConverter.m */ = {isa = PBXFileReference; fileEncoding = 4; lastKnownFileType = sourcecode.c.objc; name = SwiftHTMLToCoreTextConverter.m; path = Source/SwiftHTMLToCoreTextConverter.m; sourceTree = "<group>"; };
		5516B4C41446D0EA00231D67 /* libSwiftCoreMac.a */ = {isa = PBXFileReference; explicitFileType = archive.ar; includeInIndex = 0; path = libSwiftCoreMac.a; sourceTree = BUILT_PRODUCTS_DIR; };
		5516B4C51446D0EA00231D67 /* Cocoa.framework */ = {isa = PBXFileReference; lastKnownFileType = wrapper.framework; name = Cocoa.framework; path = System/Library/Frameworks/Cocoa.framework; sourceTree = SDKROOT; };
		5516B4C81446D0EA00231D67 /* AppKit.framework */ = {isa = PBXFileReference; lastKnownFileType = wrapper.framework; name = AppKit.framework; path = System/Library/Frameworks/AppKit.framework; sourceTree = SDKROOT; };
		5516B4CA1446D0EA00231D67 /* Foundation.framework */ = {isa = PBXFileReference; lastKnownFileType = wrapper.framework; name = Foundation.framework; path = System/Library/Frameworks/Foundation.framework; sourceTree = SDKROOT; };
		5516B4D51446D12F00231D67 /* MacDebug.xcconfig */ = {isa = PBXFileReference; fileEncoding = 4; lastKnownFileType = text.xcconfig; name = MacDebug.xcconfig; path = Config/MacDebug.xcconfig; sourceTree = "<group>"; };
		5516B4D61446D13500231D67 /* MacRelease.xcconfig */ = {isa = PBXFileReference; fileEncoding = 4; lastKnownFileType = text.xcconfig; name = MacRelease.xcconfig; path = Config/MacRelease.xcconfig; sourceTree = "<group>"; };
		5516B509144799FA00231D67 /* SwiftPNGExporter.h */ = {isa = PBXFileReference; fileEncoding = 4; lastKnownFileType = sourcecode.c.h; name = SwiftPNGExporter.h; path = Source/SwiftPNGExporter.h; sourceTree = "<group>"; };
		5516B50A144799FA00231D67 /* SwiftPNGExporter.m */ = {isa = PBXFileReference; fileEncoding = 4; lastKnownFileType = sourcecode.c.objc; name = SwiftPNGExporter.m; path = Source/SwiftPNGExporter.m; sourceTree = "<group>"; };
		5516B50C14479A0D00231D67 /* SwiftSVGExporter.h */ = {isa = PBXFileReference; fileEncoding = 4; lastKnownFileType = sourcecode.c.h; name = SwiftSVGExporter.h; path = Source/SwiftSVGExporter.h; sourceTree = "<group>"; };
		5516B50D14479A0D00231D67 /* SwiftSVGExporter.m */ = {isa = PBXFileReference; fileEncoding = 4; lastKnownFileType = sourcecode.c.objc; name = SwiftSVGExporter.m; path = Source/SwiftSVGExporter.m; sourceTree = "<group>"; };
		5595A5921442A7CC00DECD41 /* SwiftUtil.h */ = {isa = PBXFileReference; fileEncoding = 4; lastKnownFileType = sourcecode.c.h; name = SwiftUtil.h; path = Source/SwiftUtil.h; sourceTree = "<group>"; };
		5595A5931442A7CC00DECD41 /* SwiftUtil.m */ = {isa = PBXFileReference; fileEncoding = 4; lastKnownFileType = sourcecode.c.objc; name = SwiftUtil.m; path = Source/SwiftUtil.m; sourceTree = "<group>"; };
		5595A5E91442BFFA00DECD41 /* libSwiftCore.a */ = {isa = PBXFileReference; explicitFileType = archive.ar; includeInIndex = 0; path = libSwiftCore.a; sourceTree = BUILT_PRODUCTS_DIR; };
		55DBFA851442C1F0003AA0DA /* Prefix.pch */ = {isa = PBXFileReference; fileEncoding = 4; lastKnownFileType = sourcecode.c.h; name = Prefix.pch; path = Source/Prefix.pch; sourceTree = "<group>"; };
		55DBFAB41443A453003AA0DA /* SwiftLayer.h */ = {isa = PBXFileReference; fileEncoding = 4; lastKnownFileType = sourcecode.c.h; name = SwiftLayer.h; path = Source/SwiftLayer.h; sourceTree = "<group>"; };
		55DBFAB51443A453003AA0DA /* SwiftLayer.m */ = {isa = PBXFileReference; fileEncoding = 4; lastKnownFileType = sourcecode.c.objc; name = SwiftLayer.m; path = Source/SwiftLayer.m; sourceTree = "<group>"; };
		55DBFABB1443AF3D003AA0DA /* SwiftPlacableObject.h */ = {isa = PBXFileReference; fileEncoding = 4; lastKnownFileType = sourcecode.c.h; name = SwiftPlacableObject.h; path = Source/SwiftPlacableObject.h; sourceTree = "<group>"; };
		55DBFABC1444EAAE003AA0DA /* SwiftMovieView.h */ = {isa = PBXFileReference; fileEncoding = 4; lastKnownFileType = sourcecode.c.h; name = SwiftMovieView.h; path = Source/SwiftMovieView.h; sourceTree = "<group>"; };
		55DBFABD1444EAAE003AA0DA /* SwiftMovieView.m */ = {isa = PBXFileReference; fileEncoding = 4; lastKnownFileType = sourcecode.c.objc; name = SwiftMovieView.m; path = Source/SwiftMovieView.m; sourceTree = "<group>"; };
		55DBFABF1444EE1F003AA0DA /* SwiftScene.h */ = {isa = PBXFileReference; fileEncoding = 4; lastKnownFileType = sourcecode.c.h; name = SwiftScene.h; path = Source/SwiftScene.h; sourceTree = "<group>"; };
		55DBFAC01444EE20003AA0DA /* SwiftScene.m */ = {isa = PBXFileReference; fileEncoding = 4; lastKnownFileType = sourcecode.c.objc; name = SwiftScene.m; path = Source/SwiftScene.m; sourceTree = "<group>"; };
		55F65A5D14429C9E00E12C27 /* SwiftTypes.h */ = {isa = PBXFileReference; lastKnownFileType = sourcecode.c.h; name = SwiftTypes.h; path = Source/SwiftTypes.h; sourceTree = "<group>"; };
		55F65A5E14429C9E00E12C27 /* SwiftTypes.m */ = {isa = PBXFileReference; lastKnownFileType = sourcecode.c.objc; name = SwiftTypes.m; path = Source/SwiftTypes.m; sourceTree = "<group>"; };
		55F65A5F14429C9E00E12C27 /* SwiftDynamicText.h */ = {isa = PBXFileReference; lastKnownFileType = sourcecode.c.h; name = SwiftDynamicText.h; path = Source/SwiftDynamicText.h; sourceTree = "<group>"; };
		55F65A6014429C9E00E12C27 /* SwiftDynamicText.m */ = {isa = PBXFileReference; lastKnownFileType = sourcecode.c.objc; name = SwiftDynamicText.m; path = Source/SwiftDynamicText.m; sourceTree = "<group>"; };
		55F65A6114429C9E00E12C27 /* SwiftFillStyle.h */ = {isa = PBXFileReference; lastKnownFileType = sourcecode.c.h; name = SwiftFillStyle.h; path = Source/SwiftFillStyle.h; sourceTree = "<group>"; };
		55F65A6214429C9E00E12C27 /* SwiftFillStyle.m */ = {isa = PBXFileReference; lastKnownFileType = sourcecode.c.objc; name = SwiftFillStyle.m; path = Source/SwiftFillStyle.m; sourceTree = "<group>"; };
		55F65A6314429C9E00E12C27 /* SwiftFont.h */ = {isa = PBXFileReference; lastKnownFileType = sourcecode.c.h; name = SwiftFont.h; path = Source/SwiftFont.h; sourceTree = "<group>"; };
		55F65A6414429C9E00E12C27 /* SwiftFont.m */ = {isa = PBXFileReference; lastKnownFileType = sourcecode.c.objc; name = SwiftFont.m; path = Source/SwiftFont.m; sourceTree = "<group>"; };
		55F65A6514429C9E00E12C27 /* SwiftFontGlyph.h */ = {isa = PBXFileReference; lastKnownFileType = sourcecode.c.h; name = SwiftFontGlyph.h; path = Source/SwiftFontGlyph.h; sourceTree = "<group>"; };
		55F65A6614429C9E00E12C27 /* SwiftFontGlyph.m */ = {isa = PBXFileReference; lastKnownFileType = sourcecode.c.objc; name = SwiftFontGlyph.m; path = Source/SwiftFontGlyph.m; sourceTree = "<group>"; };
		55F65A6714429C9E00E12C27 /* SwiftFrame.h */ = {isa = PBXFileReference; lastKnownFileType = sourcecode.c.h; name = SwiftFrame.h; path = Source/SwiftFrame.h; sourceTree = "<group>"; };
		55F65A6814429C9E00E12C27 /* SwiftFrame.m */ = {isa = PBXFileReference; lastKnownFileType = sourcecode.c.objc; name = SwiftFrame.m; path = Source/SwiftFrame.m; sourceTree = "<group>"; };
		55F65A6914429C9E00E12C27 /* SwiftGradient.h */ = {isa = PBXFileReference; lastKnownFileType = sourcecode.c.h; name = SwiftGradient.h; path = Source/SwiftGradient.h; sourceTree = "<group>"; };
		55F65A6A14429C9E00E12C27 /* SwiftGradient.m */ = {isa = PBXFileReference; lastKnownFileType = sourcecode.c.objc; name = SwiftGradient.m; path = Source/SwiftGradient.m; sourceTree = "<group>"; };
		55F65A6B14429C9E00E12C27 /* SwiftLineStyle.h */ = {isa = PBXFileReference; lastKnownFileType = sourcecode.c.h; name = SwiftLineStyle.h; path = Source/SwiftLineStyle.h; sourceTree = "<group>"; };
		55F65A6C14429C9E00E12C27 /* SwiftLineStyle.m */ = {isa = PBXFileReference; lastKnownFileType = sourcecode.c.objc; name = SwiftLineStyle.m; path = Source/SwiftLineStyle.m; sourceTree = "<group>"; };
		55F65A6D14429C9E00E12C27 /* SwiftMovie.h */ = {isa = PBXFileReference; lastKnownFileType = sourcecode.c.h; name = SwiftMovie.h; path = Source/SwiftMovie.h; sourceTree = "<group>"; };
		55F65A6E14429C9E00E12C27 /* SwiftMovie.m */ = {isa = PBXFileReference; lastKnownFileType = sourcecode.c.objc; name = SwiftMovie.m; path = Source/SwiftMovie.m; sourceTree = "<group>"; };
		55F65A6F14429C9E00E12C27 /* SwiftRenderer.h */ = {isa = PBXFileReference; lastKnownFileType = sourcecode.c.h; name = SwiftRenderer.h; path = Source/SwiftRenderer.h; sourceTree = "<group>"; };
		55F65A7014429C9E00E12C27 /* SwiftRenderer.m */ = {isa = PBXFileReference; lastKnownFileType = sourcecode.c.objc; name = SwiftRenderer.m; path = Source/SwiftRenderer.m; sourceTree = "<group>"; };
		55F65A7114429C9E00E12C27 /* SwiftParser.h */ = {isa = PBXFileReference; lastKnownFileType = sourcecode.c.h; name = SwiftParser.h; path = Source/SwiftParser.h; sourceTree = "<group>"; };
		55F65A7214429C9E00E12C27 /* SwiftParser.m */ = {isa = PBXFileReference; lastKnownFileType = sourcecode.c.objc; name = SwiftParser.m; path = Source/SwiftParser.m; sourceTree = "<group>"; };
		55F65A7314429C9E00E12C27 /* SwiftPath.h */ = {isa = PBXFileReference; lastKnownFileType = sourcecode.c.h; name = SwiftPath.h; path = Source/SwiftPath.h; sourceTree = "<group>"; };
		55F65A7414429C9E00E12C27 /* SwiftPath.m */ = {isa = PBXFileReference; lastKnownFileType = sourcecode.c.objc; name = SwiftPath.m; path = Source/SwiftPath.m; sourceTree = "<group>"; };
		55F65A7714429C9E00E12C27 /* SwiftPlacedObject.h */ = {isa = PBXFileReference; lastKnownFileType = sourcecode.c.h; name = SwiftPlacedObject.h; path = Source/SwiftPlacedObject.h; sourceTree = "<group>"; };
		55F65A7814429C9E00E12C27 /* SwiftPlacedObject.m */ = {isa = PBXFileReference; lastKnownFileType = sourcecode.c.objc; name = SwiftPlacedObject.m; path = Source/SwiftPlacedObject.m; sourceTree = "<group>"; };
		55F65A7914429C9E00E12C27 /* SwiftShape.h */ = {isa = PBXFileReference; lastKnownFileType = sourcecode.c.h; name = SwiftShape.h; path = Source/SwiftShape.h; sourceTree = "<group>"; };
		55F65A7A14429C9E00E12C27 /* SwiftShape.m */ = {isa = PBXFileReference; lastKnownFileType = sourcecode.c.objc; name = SwiftShape.m; path = Source/SwiftShape.m; sourceTree = "<group>"; };
		55F65A7B14429C9E00E12C27 /* SwiftSprite.h */ = {isa = PBXFileReference; lastKnownFileType = sourcecode.c.h; name = SwiftSprite.h; path = Source/SwiftSprite.h; sourceTree = "<group>"; };
		55F65A7C14429C9E00E12C27 /* SwiftSprite.m */ = {isa = PBXFileReference; lastKnownFileType = sourcecode.c.objc; name = SwiftSprite.m; path = Source/SwiftSprite.m; sourceTree = "<group>"; };
		55F65A7D14429C9E00E12C27 /* SwiftStaticText.h */ = {isa = PBXFileReference; lastKnownFileType = sourcecode.c.h; name = SwiftStaticText.h; path = Source/SwiftStaticText.h; sourceTree = "<group>"; };
		55F65A7E14429C9E00E12C27 /* SwiftStaticText.m */ = {isa = PBXFileReference; lastKnownFileType = sourcecode.c.objc; name = SwiftStaticText.m; path = Source/SwiftStaticText.m; sourceTree = "<group>"; };
		55F65A7F14429C9E00E12C27 /* SwiftTextRecord.h */ = {isa = PBXFileReference; lastKnownFileType = sourcecode.c.h; name = SwiftTextRecord.h; path = Source/SwiftTextRecord.h; sourceTree = "<group>"; };
		55F65A8014429C9E00E12C27 /* SwiftTextRecord.m */ = {isa = PBXFileReference; lastKnownFileType = sourcecode.c.objc; name = SwiftTextRecord.m; path = Source/SwiftTextRecord.m; sourceTree = "<group>"; };
		55F65A8814429D1400E12C27 /* Foundation.framework */ = {isa = PBXFileReference; lastKnownFileType = wrapper.framework; name = Foundation.framework; path = System/Library/Frameworks/Foundation.framework; sourceTree = SDKROOT; };
		55F65A9314429D4100E12C27 /* Debug.xcconfig */ = {isa = PBXFileReference; lastKnownFileType = text.xcconfig; name = Debug.xcconfig; path = Config/Debug.xcconfig; sourceTree = "<group>"; };
		55F65A9614429D4100E12C27 /* Release.xcconfig */ = {isa = PBXFileReference; lastKnownFileType = text.xcconfig; name = Release.xcconfig; path = Config/Release.xcconfig; sourceTree = "<group>"; };
		55F65AF014429F0D00E12C27 /* CoreFoundation.framework */ = {isa = PBXFileReference; lastKnownFileType = wrapper.framework; name = CoreFoundation.framework; path = System/Library/Frameworks/CoreFoundation.framework; sourceTree = SDKROOT; };
		55F65AFE1442A01000E12C27 /* en */ = {isa = PBXFileReference; lastKnownFileType = text.plist.strings; name = en; path = Resources/en.lproj/InfoPlist.strings; sourceTree = "<group>"; };
		55F65B251442A2B300E12C27 /* SwiftCore.h */ = {isa = PBXFileReference; fileEncoding = 4; lastKnownFileType = sourcecode.c.h; name = SwiftCore.h; path = Source/SwiftCore.h; sourceTree = "<group>"; };
		55F9C75614464B1200FE8E4F /* SwiftSceneAndFrameLabelData.h */ = {isa = PBXFileReference; fileEncoding = 4; lastKnownFileType = sourcecode.c.h; name = SwiftSceneAndFrameLabelData.h; path = Source/SwiftSceneAndFrameLabelData.h; sourceTree = "<group>"; };
		55F9C75714464B1300FE8E4F /* SwiftSceneAndFrameLabelData.m */ = {isa = PBXFileReference; fileEncoding = 4; lastKnownFileType = sourcecode.c.objc; name = SwiftSceneAndFrameLabelData.m; path = Source/SwiftSceneAndFrameLabelData.m; sourceTree = "<group>"; };
/* End PBXFileReference section */

/* Begin PBXFrameworksBuildPhase section */
		5516B4C11446D0EA00231D67 /* Frameworks */ = {
			isa = PBXFrameworksBuildPhase;
			buildActionMask = 2147483647;
			files = (
				5516B4C61446D0EA00231D67 /* Cocoa.framework in Frameworks */,
			);
			runOnlyForDeploymentPostprocessing = 0;
		};
		5595A5E61442BFFA00DECD41 /* Frameworks */ = {
			isa = PBXFrameworksBuildPhase;
			buildActionMask = 2147483647;
			files = (
			);
			runOnlyForDeploymentPostprocessing = 0;
		};
/* End PBXFrameworksBuildPhase section */

/* Begin PBXGroup section */
		5516B4C71446D0EA00231D67 /* Other Frameworks */ = {
			isa = PBXGroup;
			children = (
				5516B4C81446D0EA00231D67 /* AppKit.framework */,
				5516B4CA1446D0EA00231D67 /* Foundation.framework */,
			);
			name = "Other Frameworks";
			sourceTree = "<group>";
		};
		5516B507144799B300231D67 /* Exporters */ = {
			isa = PBXGroup;
			children = (
				5516B509144799FA00231D67 /* SwiftPNGExporter.h */,
				5516B50A144799FA00231D67 /* SwiftPNGExporter.m */,
				5516B50C14479A0D00231D67 /* SwiftSVGExporter.h */,
				5516B50D14479A0D00231D67 /* SwiftSVGExporter.m */,
			);
			name = Exporters;
			sourceTree = "<group>";
		};
		55DBFAB71443A556003AA0DA /* Model */ = {
			isa = PBXGroup;
			children = (
				55DBFABB1443AF3D003AA0DA /* SwiftPlacableObject.h */,
				55F65A5F14429C9E00E12C27 /* SwiftDynamicText.h */,
				55F65A6014429C9E00E12C27 /* SwiftDynamicText.m */,
				55F65A6114429C9E00E12C27 /* SwiftFillStyle.h */,
				55F65A6214429C9E00E12C27 /* SwiftFillStyle.m */,
				55F65A6314429C9E00E12C27 /* SwiftFont.h */,
				55F65A6414429C9E00E12C27 /* SwiftFont.m */,
				55F65A6514429C9E00E12C27 /* SwiftFontGlyph.h */,
				55F65A6614429C9E00E12C27 /* SwiftFontGlyph.m */,
				55F65A6714429C9E00E12C27 /* SwiftFrame.h */,
				55F65A6814429C9E00E12C27 /* SwiftFrame.m */,
				55F65A6914429C9E00E12C27 /* SwiftGradient.h */,
				55F65A6A14429C9E00E12C27 /* SwiftGradient.m */,
				55038DE5144E489D00EA5841 /* SwiftHTMLToCoreTextConverter.h */,
				55038DE6144E489E00EA5841 /* SwiftHTMLToCoreTextConverter.m */,
				55F65A6B14429C9E00E12C27 /* SwiftLineStyle.h */,
				55F65A6C14429C9E00E12C27 /* SwiftLineStyle.m */,
				55F65A6D14429C9E00E12C27 /* SwiftMovie.h */,
				55F65A6E14429C9E00E12C27 /* SwiftMovie.m */,
				55F65A7314429C9E00E12C27 /* SwiftPath.h */,
				55F65A7414429C9E00E12C27 /* SwiftPath.m */,
				55F65A7714429C9E00E12C27 /* SwiftPlacedObject.h */,
				55F65A7814429C9E00E12C27 /* SwiftPlacedObject.m */,
				55038DE2144E399C00EA5841 /* SwiftPlacedText.h */,
				55038DE3144E399D00EA5841 /* SwiftPlacedText.m */,
				55038DDE144CDA4900EA5841 /* SwiftPlayhead.h */,
				55038DDF144CDA4900EA5841 /* SwiftPlayhead.m */,
				55DBFABF1444EE1F003AA0DA /* SwiftScene.h */,
				55DBFAC01444EE20003AA0DA /* SwiftScene.m */,
				55F65A7914429C9E00E12C27 /* SwiftShape.h */,
				55F65A7A14429C9E00E12C27 /* SwiftShape.m */,
				55F9C75614464B1200FE8E4F /* SwiftSceneAndFrameLabelData.h */,
				55F9C75714464B1300FE8E4F /* SwiftSceneAndFrameLabelData.m */,
				55F65A7B14429C9E00E12C27 /* SwiftSprite.h */,
				55F65A7C14429C9E00E12C27 /* SwiftSprite.m */,
				55F65A7D14429C9E00E12C27 /* SwiftStaticText.h */,
				55F65A7E14429C9E00E12C27 /* SwiftStaticText.m */,
				55F65A7F14429C9E00E12C27 /* SwiftTextRecord.h */,
				55F65A8014429C9E00E12C27 /* SwiftTextRecord.m */,
			);
			name = Model;
			sourceTree = "<group>";
		};
		55DBFAB81443A56D003AA0DA /* Base */ = {
			isa = PBXGroup;
			children = (
				55DBFA851442C1F0003AA0DA /* Prefix.pch */,
				55F65B251442A2B300E12C27 /* SwiftCore.h */,
				55F65A7114429C9E00E12C27 /* SwiftParser.h */,
				55F65A7214429C9E00E12C27 /* SwiftParser.m */,
				55F65A5D14429C9E00E12C27 /* SwiftTypes.h */,
				55F65A5E14429C9E00E12C27 /* SwiftTypes.m */,
				5595A5921442A7CC00DECD41 /* SwiftUtil.h */,
				5595A5931442A7CC00DECD41 /* SwiftUtil.m */,
			);
			name = Base;
			sourceTree = "<group>";
		};
		55DBFAB91443A5C1003AA0DA /* Rendering */ = {
			isa = PBXGroup;
			children = (
				55DBFAB41443A453003AA0DA /* SwiftLayer.h */,
				55DBFAB51443A453003AA0DA /* SwiftLayer.m */,
				55F65A6F14429C9E00E12C27 /* SwiftRenderer.h */,
				55F65A7014429C9E00E12C27 /* SwiftRenderer.m */,
				55DBFABC1444EAAE003AA0DA /* SwiftMovieView.h */,
				55DBFABD1444EAAE003AA0DA /* SwiftMovieView.m */,
			);
			name = Rendering;
			sourceTree = "<group>";
		};
		55F65A2E14429BCB00E12C27 = {
			isa = PBXGroup;
			children = (
				55F65A3814429C3400E12C27 /* Config */,
				55F65AFC1442A00300E12C27 /* Resources */,
				55F65A3714429C2C00E12C27 /* Source */,
				55F65A8714429D1400E12C27 /* Frameworks */,
				55F65A8614429D1400E12C27 /* Products */,
			);
			sourceTree = "<group>";
		};
		55F65A3714429C2C00E12C27 /* Source */ = {
			isa = PBXGroup;
			children = (
				55DBFAB81443A56D003AA0DA /* Base */,
				55DBFAB71443A556003AA0DA /* Model */,
				55DBFAB91443A5C1003AA0DA /* Rendering */,
				5516B507144799B300231D67 /* Exporters */,
			);
			name = Source;
			sourceTree = "<group>";
		};
		55F65A3814429C3400E12C27 /* Config */ = {
			isa = PBXGroup;
			children = (
				55F65A9314429D4100E12C27 /* Debug.xcconfig */,
				55F65A9614429D4100E12C27 /* Release.xcconfig */,
				5516B4D51446D12F00231D67 /* MacDebug.xcconfig */,
				5516B4D61446D13500231D67 /* MacRelease.xcconfig */,
			);
			name = Config;
			sourceTree = "<group>";
		};
		55F65A8614429D1400E12C27 /* Products */ = {
			isa = PBXGroup;
			children = (
				5595A5E91442BFFA00DECD41 /* libSwiftCore.a */,
				5516B4C41446D0EA00231D67 /* libSwiftCoreMac.a */,
			);
			name = Products;
			sourceTree = "<group>";
		};
		55F65A8714429D1400E12C27 /* Frameworks */ = {
			isa = PBXGroup;
			children = (
				55F65A8814429D1400E12C27 /* Foundation.framework */,
				55F65AF014429F0D00E12C27 /* CoreFoundation.framework */,
				5516B4C51446D0EA00231D67 /* Cocoa.framework */,
				5516B4C71446D0EA00231D67 /* Other Frameworks */,
			);
			name = Frameworks;
			sourceTree = "<group>";
		};
		55F65AFC1442A00300E12C27 /* Resources */ = {
			isa = PBXGroup;
			children = (
				55F65AFD1442A01000E12C27 /* InfoPlist.strings */,
			);
			name = Resources;
			sourceTree = "<group>";
		};
/* End PBXGroup section */

/* Begin PBXHeadersBuildPhase section */
		5516B4C21446D0EA00231D67 /* Headers */ = {
			isa = PBXHeadersBuildPhase;
			buildActionMask = 2147483647;
			files = (
			);
			runOnlyForDeploymentPostprocessing = 0;
		};
/* End PBXHeadersBuildPhase section */

/* Begin PBXNativeTarget section */
		5516B4C31446D0EA00231D67 /* SwiftCoreMac */ = {
			isa = PBXNativeTarget;
			buildConfigurationList = 5516B4D31446D0EA00231D67 /* Build configuration list for PBXNativeTarget "SwiftCoreMac" */;
			buildPhases = (
				5516B4C01446D0EA00231D67 /* Sources */,
				5516B4C11446D0EA00231D67 /* Frameworks */,
				5516B4C21446D0EA00231D67 /* Headers */,
			);
			buildRules = (
			);
			dependencies = (
			);
			name = SwiftCoreMac;
			productName = SwiftCoreMac;
			productReference = 5516B4C41446D0EA00231D67 /* libSwiftCoreMac.a */;
			productType = "com.apple.product-type.library.static";
		};
		5595A5E81442BFFA00DECD41 /* SwiftCore */ = {
			isa = PBXNativeTarget;
			buildConfigurationList = 5595A5F31442BFFA00DECD41 /* Build configuration list for PBXNativeTarget "SwiftCore" */;
			buildPhases = (
				5595A5E51442BFFA00DECD41 /* Sources */,
				5595A5E61442BFFA00DECD41 /* Frameworks */,
			);
			buildRules = (
			);
			dependencies = (
			);
			name = SwiftCore;
			productName = SwiftCore;
			productReference = 5595A5E91442BFFA00DECD41 /* libSwiftCore.a */;
			productType = "com.apple.product-type.library.static";
		};
/* End PBXNativeTarget section */

/* Begin PBXProject section */
		55F65A3014429BCB00E12C27 /* Project object */ = {
			isa = PBXProject;
			attributes = {
				LastUpgradeCheck = 0420;
			};
			buildConfigurationList = 55F65A3314429BCB00E12C27 /* Build configuration list for PBXProject "SwiftCore" */;
			compatibilityVersion = "Xcode 3.2";
			developmentRegion = English;
			hasScannedForEncodings = 0;
			knownRegions = (
				en,
			);
			mainGroup = 55F65A2E14429BCB00E12C27;
			productRefGroup = 55F65A8614429D1400E12C27 /* Products */;
			projectDirPath = "";
			projectRoot = "";
			targets = (
				5595A5E81442BFFA00DECD41 /* SwiftCore */,
				5516B4C31446D0EA00231D67 /* SwiftCoreMac */,
			);
		};
/* End PBXProject section */

/* Begin PBXSourcesBuildPhase section */
		5516B4C01446D0EA00231D67 /* Sources */ = {
			isa = PBXSourcesBuildPhase;
			buildActionMask = 2147483647;
			files = (
				5516B50F14479D5300231D67 /* SwiftPNGExporter.m in Sources */,
				5516B51014479D5300231D67 /* SwiftSVGExporter.m in Sources */,
				5516B4DD1446D75900231D67 /* SwiftParser.m in Sources */,
				5516B4DE1446D75900231D67 /* SwiftTypes.m in Sources */,
				5516B4DF1446D75900231D67 /* SwiftUtil.m in Sources */,
				5516B4E01446D75900231D67 /* SwiftDynamicText.m in Sources */,
				5516B4E11446D75900231D67 /* SwiftFillStyle.m in Sources */,
				5516B4E21446D75900231D67 /* SwiftFont.m in Sources */,
				5516B4E31446D75900231D67 /* SwiftFontGlyph.m in Sources */,
				5516B4E41446D75900231D67 /* SwiftFrame.m in Sources */,
				5516B4E51446D75900231D67 /* SwiftGradient.m in Sources */,
				5516B4E61446D75900231D67 /* SwiftLineStyle.m in Sources */,
				5516B4E71446D75900231D67 /* SwiftMovie.m in Sources */,
				5516B4E81446D75900231D67 /* SwiftPath.m in Sources */,
				5516B4EA1446D75900231D67 /* SwiftPlacedObject.m in Sources */,
				5516B4EB1446D75900231D67 /* SwiftScene.m in Sources */,
				5516B4EC1446D75900231D67 /* SwiftShape.m in Sources */,
				5516B4ED1446D75900231D67 /* SwiftSceneAndFrameLabelData.m in Sources */,
				5516B4EE1446D75900231D67 /* SwiftSprite.m in Sources */,
				5516B4EF1446D75900231D67 /* SwiftStaticText.m in Sources */,
				5516B4F01446D75900231D67 /* SwiftTextRecord.m in Sources */,
				5516B4F11446D75900231D67 /* SwiftLayer.m in Sources */,
				5516B4F21446D75900231D67 /* SwiftRenderer.m in Sources */,
			);
			runOnlyForDeploymentPostprocessing = 0;
		};
		5595A5E51442BFFA00DECD41 /* Sources */ = {
			isa = PBXSourcesBuildPhase;
			buildActionMask = 2147483647;
			files = (
				5595A5F51442C03300DECD41 /* SwiftDynamicText.m in Sources */,
				5595A5F61442C03300DECD41 /* SwiftFillStyle.m in Sources */,
				5595A5F71442C03300DECD41 /* SwiftFont.m in Sources */,
				5595A5F81442C03300DECD41 /* SwiftFontGlyph.m in Sources */,
				5595A5F91442C03300DECD41 /* SwiftFrame.m in Sources */,
				5595A5FA1442C03300DECD41 /* SwiftGradient.m in Sources */,
				5595A5FB1442C03300DECD41 /* SwiftLineStyle.m in Sources */,
				5595A5FC1442C03300DECD41 /* SwiftMovie.m in Sources */,
				5595A5FD1442C03300DECD41 /* SwiftRenderer.m in Sources */,
				5595A5FE1442C03300DECD41 /* SwiftParser.m in Sources */,
				5595A5FF1442C03300DECD41 /* SwiftPath.m in Sources */,
				5595A6011442C03300DECD41 /* SwiftPlacedObject.m in Sources */,
				5595A6021442C03300DECD41 /* SwiftShape.m in Sources */,
				5595A6031442C03300DECD41 /* SwiftSprite.m in Sources */,
				5595A6041442C03300DECD41 /* SwiftStaticText.m in Sources */,
				5595A6051442C03300DECD41 /* SwiftTextRecord.m in Sources */,
				5595A6061442C03300DECD41 /* SwiftTypes.m in Sources */,
				5595A6071442C03300DECD41 /* SwiftUtil.m in Sources */,
				55DBFAB61443A454003AA0DA /* SwiftLayer.m in Sources */,
				55DBFABE1444EAAE003AA0DA /* SwiftMovieView.m in Sources */,
				55DBFAC11444EE22003AA0DA /* SwiftScene.m in Sources */,
				55F9C75814464B1300FE8E4F /* SwiftSceneAndFrameLabelData.m in Sources */,
				5516B50B144799FA00231D67 /* SwiftPNGExporter.m in Sources */,
				5516B50E14479A0D00231D67 /* SwiftSVGExporter.m in Sources */,
				55038DE0144CDA4900EA5841 /* SwiftPlayhead.m in Sources */,
				55038DE4144E399F00EA5841 /* SwiftPlacedText.m in Sources */,
				55038DE7144E489F00EA5841 /* SwiftHTMLToCoreTextConverter.m in Sources */,
			);
			runOnlyForDeploymentPostprocessing = 0;
		};
/* End PBXSourcesBuildPhase section */

/* Begin PBXVariantGroup section */
		55F65AFD1442A01000E12C27 /* InfoPlist.strings */ = {
			isa = PBXVariantGroup;
			children = (
				55F65AFE1442A01000E12C27 /* en */,
			);
			name = InfoPlist.strings;
			sourceTree = "<group>";
		};
/* End PBXVariantGroup section */

/* Begin XCBuildConfiguration section */
		5516B4D11446D0EA00231D67 /* Debug */ = {
			isa = XCBuildConfiguration;
			baseConfigurationReference = 5516B4D51446D12F00231D67 /* MacDebug.xcconfig */;
			buildSettings = {
			};
			name = Debug;
		};
		5516B4D21446D0EA00231D67 /* Release */ = {
			isa = XCBuildConfiguration;
			baseConfigurationReference = 5516B4D61446D13500231D67 /* MacRelease.xcconfig */;
			buildSettings = {
			};
			name = Release;
		};
		5595A5F11442BFFA00DECD41 /* Debug */ = {
			isa = XCBuildConfiguration;
			baseConfigurationReference = 55F65A9314429D4100E12C27 /* Debug.xcconfig */;
			buildSettings = {
			};
			name = Debug;
		};
		5595A5F21442BFFA00DECD41 /* Release */ = {
			isa = XCBuildConfiguration;
			baseConfigurationReference = 55F65A9614429D4100E12C27 /* Release.xcconfig */;
			buildSettings = {
			};
			name = Release;
		};
		55F65A3514429BCB00E12C27 /* Debug */ = {
			isa = XCBuildConfiguration;
			buildSettings = {
			};
			name = Debug;
		};
		55F65A3614429BCB00E12C27 /* Release */ = {
			isa = XCBuildConfiguration;
			buildSettings = {
			};
			name = Release;
		};
/* End XCBuildConfiguration section */

/* Begin XCConfigurationList section */
		5516B4D31446D0EA00231D67 /* Build configuration list for PBXNativeTarget "SwiftCoreMac" */ = {
			isa = XCConfigurationList;
			buildConfigurations = (
				5516B4D11446D0EA00231D67 /* Debug */,
				5516B4D21446D0EA00231D67 /* Release */,
			);
			defaultConfigurationIsVisible = 0;
			defaultConfigurationName = Release;
		};
		5595A5F31442BFFA00DECD41 /* Build configuration list for PBXNativeTarget "SwiftCore" */ = {
			isa = XCConfigurationList;
			buildConfigurations = (
				5595A5F11442BFFA00DECD41 /* Debug */,
				5595A5F21442BFFA00DECD41 /* Release */,
			);
			defaultConfigurationIsVisible = 0;
			defaultConfigurationName = Release;
		};
		55F65A3314429BCB00E12C27 /* Build configuration list for PBXProject "SwiftCore" */ = {
			isa = XCConfigurationList;
			buildConfigurations = (
				55F65A3514429BCB00E12C27 /* Debug */,
				55F65A3614429BCB00E12C27 /* Release */,
			);
			defaultConfigurationIsVisible = 0;
			defaultConfigurationName = Release;
		};
/* End XCConfigurationList section */
	};
	rootObject = 55F65A3014429BCB00E12C27 /* Project object */;
}
