// !$*UTF8*$!
{
	archiveVersion = 1;
	classes = {
	};
	objectVersion = 46;
	objects = {

/* Begin PBXBuildFile section */
		55038DE0144CDA4900EA5841 /* SwiftPlayhead.m in Sources */ = {isa = PBXBuildFile; fileRef = 55038DDF144CDA4900EA5841 /* SwiftPlayhead.m */; };
		55038DE4144E399F00EA5841 /* SwiftPlacedText.m in Sources */ = {isa = PBXBuildFile; fileRef = 55038DE3144E399D00EA5841 /* SwiftPlacedText.m */; };
		55038DE7144E489F00EA5841 /* SwiftHTMLToCoreTextConverter.m in Sources */ = {isa = PBXBuildFile; fileRef = 55038DE6144E489E00EA5841 /* SwiftHTMLToCoreTextConverter.m */; };
		550C99B6145A03F200836C62 /* SwiftSoundPlayer.m in Sources */ = {isa = PBXBuildFile; fileRef = 550C99B5145A03F200836C62 /* SwiftSoundPlayer.m */; };
		550C99BA145A04FD00836C62 /* SwiftSoundEvent.m in Sources */ = {isa = PBXBuildFile; fileRef = 550C99B9145A04FD00836C62 /* SwiftSoundEvent.m */; };
		5516B4C61446D0EA00231D67 /* Cocoa.framework in Frameworks */ = {isa = PBXBuildFile; fileRef = 5516B4C51446D0EA00231D67 /* Cocoa.framework */; };
		5516B4DD1446D75900231D67 /* SwiftParser.m in Sources */ = {isa = PBXBuildFile; fileRef = 55F65A7214429C9E00E12C27 /* SwiftParser.m */; };
		5516B4DE1446D75900231D67 /* SwiftBase.m in Sources */ = {isa = PBXBuildFile; fileRef = 55F65A5E14429C9E00E12C27 /* SwiftBase.m */; };
		5516B4E01446D75900231D67 /* SwiftTextDefinition.m in Sources */ = {isa = PBXBuildFile; fileRef = 55F65A6014429C9E00E12C27 /* SwiftTextDefinition.m */; };
		5516B4E11446D75900231D67 /* SwiftFillStyle.m in Sources */ = {isa = PBXBuildFile; fileRef = 55F65A6214429C9E00E12C27 /* SwiftFillStyle.m */; };
		5516B4E21446D75900231D67 /* SwiftFontDefinition.m in Sources */ = {isa = PBXBuildFile; fileRef = 55F65A6414429C9E00E12C27 /* SwiftFontDefinition.m */; };
		5516B4E31446D75900231D67 /* SwiftFontGlyph.m in Sources */ = {isa = PBXBuildFile; fileRef = 55F65A6614429C9E00E12C27 /* SwiftFontGlyph.m */; };
		5516B4E41446D75900231D67 /* SwiftFrame.m in Sources */ = {isa = PBXBuildFile; fileRef = 55F65A6814429C9E00E12C27 /* SwiftFrame.m */; };
		5516B4E51446D75900231D67 /* SwiftGradient.m in Sources */ = {isa = PBXBuildFile; fileRef = 55F65A6A14429C9E00E12C27 /* SwiftGradient.m */; };
		5516B4E61446D75900231D67 /* SwiftLineStyle.m in Sources */ = {isa = PBXBuildFile; fileRef = 55F65A6C14429C9E00E12C27 /* SwiftLineStyle.m */; };
		5516B4E71446D75900231D67 /* SwiftMovie.m in Sources */ = {isa = PBXBuildFile; fileRef = 55F65A6E14429C9E00E12C27 /* SwiftMovie.m */; };
		5516B4E81446D75900231D67 /* SwiftPath.m in Sources */ = {isa = PBXBuildFile; fileRef = 55F65A7414429C9E00E12C27 /* SwiftPath.m */; };
		5516B4EA1446D75900231D67 /* SwiftPlacedObject.m in Sources */ = {isa = PBXBuildFile; fileRef = 55F65A7814429C9E00E12C27 /* SwiftPlacedObject.m */; };
		5516B4EB1446D75900231D67 /* SwiftScene.m in Sources */ = {isa = PBXBuildFile; fileRef = 55DBFAC01444EE20003AA0DA /* SwiftScene.m */; };
		5516B4EC1446D75900231D67 /* SwiftShapeDefinition.m in Sources */ = {isa = PBXBuildFile; fileRef = 55F65A7A14429C9E00E12C27 /* SwiftShapeDefinition.m */; };
		5516B4ED1446D75900231D67 /* SwiftSceneAndFrameLabelData.m in Sources */ = {isa = PBXBuildFile; fileRef = 55F9C75714464B1300FE8E4F /* SwiftSceneAndFrameLabelData.m */; };
		5516B4EE1446D75900231D67 /* SwiftSpriteDefinition.m in Sources */ = {isa = PBXBuildFile; fileRef = 55F65A7C14429C9E00E12C27 /* SwiftSpriteDefinition.m */; };
		5516B4EF1446D75900231D67 /* SwiftStaticTextDefinition.m in Sources */ = {isa = PBXBuildFile; fileRef = 55F65A7E14429C9E00E12C27 /* SwiftStaticTextDefinition.m */; };
		5516B4F01446D75900231D67 /* SwiftTextRecord.m in Sources */ = {isa = PBXBuildFile; fileRef = 55F65A8014429C9E00E12C27 /* SwiftTextRecord.m */; };
		5516B4F11446D75900231D67 /* SwiftLayer.m in Sources */ = {isa = PBXBuildFile; fileRef = 55DBFAB51443A453003AA0DA /* SwiftLayer.m */; };
		5516B4F21446D75900231D67 /* SwiftRenderer.m in Sources */ = {isa = PBXBuildFile; fileRef = 55F65A7014429C9E00E12C27 /* SwiftRenderer.m */; };
		5516B50B144799FA00231D67 /* SwiftPNGExporter.m in Sources */ = {isa = PBXBuildFile; fileRef = 5516B50A144799FA00231D67 /* SwiftPNGExporter.m */; };
		5516B50E14479A0D00231D67 /* SwiftSVGExporter.m in Sources */ = {isa = PBXBuildFile; fileRef = 5516B50D14479A0D00231D67 /* SwiftSVGExporter.m */; };
		5516B50F14479D5300231D67 /* SwiftPNGExporter.m in Sources */ = {isa = PBXBuildFile; fileRef = 5516B50A144799FA00231D67 /* SwiftPNGExporter.m */; };
		5516B51014479D5300231D67 /* SwiftSVGExporter.m in Sources */ = {isa = PBXBuildFile; fileRef = 5516B50D14479A0D00231D67 /* SwiftSVGExporter.m */; };
		5545A6B11458B70A001428F6 /* SwiftSoundDefinition.m in Sources */ = {isa = PBXBuildFile; fileRef = 5545A6B01458B70A001428F6 /* SwiftSoundDefinition.m */; };
		55468097145F558C00BB74EB /* SwiftMPEGUtils.m in Sources */ = {isa = PBXBuildFile; fileRef = 5574A09D145CAB2C00DA4FB7 /* SwiftMPEGUtils.m */; };
		55468098145F558C00BB74EB /* SwiftWriter.m in Sources */ = {isa = PBXBuildFile; fileRef = 5574A0A2145D238700DA4FB7 /* SwiftWriter.m */; };
		55468099145F558C00BB74EB /* SwiftSoundDefinition.m in Sources */ = {isa = PBXBuildFile; fileRef = 5545A6B01458B70A001428F6 /* SwiftSoundDefinition.m */; };
		5546809A145F558C00BB74EB /* SwiftSoundEvent.m in Sources */ = {isa = PBXBuildFile; fileRef = 550C99B9145A04FD00836C62 /* SwiftSoundEvent.m */; };
		5546809B145F558C00BB74EB /* SwiftSoundPlayer.m in Sources */ = {isa = PBXBuildFile; fileRef = 550C99B5145A03F200836C62 /* SwiftSoundPlayer.m */; };
		5574A09E145CAB2C00DA4FB7 /* SwiftMPEGUtils.m in Sources */ = {isa = PBXBuildFile; fileRef = 5574A09D145CAB2C00DA4FB7 /* SwiftMPEGUtils.m */; };
		5574A0A3145D238800DA4FB7 /* SwiftWriter.m in Sources */ = {isa = PBXBuildFile; fileRef = 5574A0A2145D238700DA4FB7 /* SwiftWriter.m */; };
		5595A5F51442C03300DECD41 /* SwiftTextDefinition.m in Sources */ = {isa = PBXBuildFile; fileRef = 55F65A6014429C9E00E12C27 /* SwiftTextDefinition.m */; };
		5595A5F61442C03300DECD41 /* SwiftFillStyle.m in Sources */ = {isa = PBXBuildFile; fileRef = 55F65A6214429C9E00E12C27 /* SwiftFillStyle.m */; };
		5595A5F71442C03300DECD41 /* SwiftFontDefinition.m in Sources */ = {isa = PBXBuildFile; fileRef = 55F65A6414429C9E00E12C27 /* SwiftFontDefinition.m */; };
		5595A5F81442C03300DECD41 /* SwiftFontGlyph.m in Sources */ = {isa = PBXBuildFile; fileRef = 55F65A6614429C9E00E12C27 /* SwiftFontGlyph.m */; };
		5595A5F91442C03300DECD41 /* SwiftFrame.m in Sources */ = {isa = PBXBuildFile; fileRef = 55F65A6814429C9E00E12C27 /* SwiftFrame.m */; };
		5595A5FA1442C03300DECD41 /* SwiftGradient.m in Sources */ = {isa = PBXBuildFile; fileRef = 55F65A6A14429C9E00E12C27 /* SwiftGradient.m */; };
		5595A5FB1442C03300DECD41 /* SwiftLineStyle.m in Sources */ = {isa = PBXBuildFile; fileRef = 55F65A6C14429C9E00E12C27 /* SwiftLineStyle.m */; };
		5595A5FC1442C03300DECD41 /* SwiftMovie.m in Sources */ = {isa = PBXBuildFile; fileRef = 55F65A6E14429C9E00E12C27 /* SwiftMovie.m */; };
		5595A5FD1442C03300DECD41 /* SwiftRenderer.m in Sources */ = {isa = PBXBuildFile; fileRef = 55F65A7014429C9E00E12C27 /* SwiftRenderer.m */; };
		5595A5FE1442C03300DECD41 /* SwiftParser.m in Sources */ = {isa = PBXBuildFile; fileRef = 55F65A7214429C9E00E12C27 /* SwiftParser.m */; };
		5595A5FF1442C03300DECD41 /* SwiftPath.m in Sources */ = {isa = PBXBuildFile; fileRef = 55F65A7414429C9E00E12C27 /* SwiftPath.m */; };
		5595A6011442C03300DECD41 /* SwiftPlacedObject.m in Sources */ = {isa = PBXBuildFile; fileRef = 55F65A7814429C9E00E12C27 /* SwiftPlacedObject.m */; };
		5595A6021442C03300DECD41 /* SwiftShapeDefinition.m in Sources */ = {isa = PBXBuildFile; fileRef = 55F65A7A14429C9E00E12C27 /* SwiftShapeDefinition.m */; };
		5595A6031442C03300DECD41 /* SwiftSpriteDefinition.m in Sources */ = {isa = PBXBuildFile; fileRef = 55F65A7C14429C9E00E12C27 /* SwiftSpriteDefinition.m */; };
		5595A6041442C03300DECD41 /* SwiftStaticTextDefinition.m in Sources */ = {isa = PBXBuildFile; fileRef = 55F65A7E14429C9E00E12C27 /* SwiftStaticTextDefinition.m */; };
		5595A6051442C03300DECD41 /* SwiftTextRecord.m in Sources */ = {isa = PBXBuildFile; fileRef = 55F65A8014429C9E00E12C27 /* SwiftTextRecord.m */; };
		5595A6061442C03300DECD41 /* SwiftBase.m in Sources */ = {isa = PBXBuildFile; fileRef = 55F65A5E14429C9E00E12C27 /* SwiftBase.m */; };
		55DBFAB61443A454003AA0DA /* SwiftLayer.m in Sources */ = {isa = PBXBuildFile; fileRef = 55DBFAB51443A453003AA0DA /* SwiftLayer.m */; };
		55DBFABE1444EAAE003AA0DA /* SwiftMovieView.m in Sources */ = {isa = PBXBuildFile; fileRef = 55DBFABD1444EAAE003AA0DA /* SwiftMovieView.m */; };
		55DBFAC11444EE22003AA0DA /* SwiftScene.m in Sources */ = {isa = PBXBuildFile; fileRef = 55DBFAC01444EE20003AA0DA /* SwiftScene.m */; };
		55ED37AA14538C840085EEC3 /* SwiftMultiLayer.m in Sources */ = {isa = PBXBuildFile; fileRef = 55ED37A914538C840085EEC3 /* SwiftMultiLayer.m */; };
		55ED37AE14538F290085EEC3 /* SwiftSingleLayer.m in Sources */ = {isa = PBXBuildFile; fileRef = 55ED37AD14538F280085EEC3 /* SwiftSingleLayer.m */; };
		55ED37D9145409280085EEC3 /* SwiftHTMLToCoreTextConverter.m in Sources */ = {isa = PBXBuildFile; fileRef = 55038DE6144E489E00EA5841 /* SwiftHTMLToCoreTextConverter.m */; };
		55ED37DA145409280085EEC3 /* SwiftPlacedStaticText.m in Sources */ = {isa = PBXBuildFile; fileRef = 55F01685144F8BAE0068002B /* SwiftPlacedStaticText.m */; };
		55ED37DB145409280085EEC3 /* SwiftPlacedText.m in Sources */ = {isa = PBXBuildFile; fileRef = 55038DE3144E399D00EA5841 /* SwiftPlacedText.m */; };
		55ED37DC145409280085EEC3 /* SwiftPlayhead.m in Sources */ = {isa = PBXBuildFile; fileRef = 55038DDF144CDA4900EA5841 /* SwiftPlayhead.m */; };
		55ED37DD145409280085EEC3 /* SwiftMultiLayer.m in Sources */ = {isa = PBXBuildFile; fileRef = 55ED37A914538C840085EEC3 /* SwiftMultiLayer.m */; };
		55ED37DE145409280085EEC3 /* SwiftSingleLayer.m in Sources */ = {isa = PBXBuildFile; fileRef = 55ED37AD14538F280085EEC3 /* SwiftSingleLayer.m */; };
		55F01686144F8BAE0068002B /* SwiftPlacedStaticText.m in Sources */ = {isa = PBXBuildFile; fileRef = 55F01685144F8BAE0068002B /* SwiftPlacedStaticText.m */; };
		55F9C75814464B1300FE8E4F /* SwiftSceneAndFrameLabelData.m in Sources */ = {isa = PBXBuildFile; fileRef = 55F9C75714464B1300FE8E4F /* SwiftSceneAndFrameLabelData.m */; };
/* End PBXBuildFile section */

/* Begin PBXFileReference section */
		55038DDE144CDA4900EA5841 /* SwiftPlayhead.h */ = {isa = PBXFileReference; fileEncoding = 4; lastKnownFileType = sourcecode.c.h; name = SwiftPlayhead.h; path = Source/SwiftPlayhead.h; sourceTree = "<group>"; };
		55038DDF144CDA4900EA5841 /* SwiftPlayhead.m */ = {isa = PBXFileReference; fileEncoding = 4; lastKnownFileType = sourcecode.c.objc; name = SwiftPlayhead.m; path = Source/SwiftPlayhead.m; sourceTree = "<group>"; };
		55038DE2144E399C00EA5841 /* SwiftPlacedText.h */ = {isa = PBXFileReference; fileEncoding = 4; lastKnownFileType = sourcecode.c.h; name = SwiftPlacedText.h; path = Source/SwiftPlacedText.h; sourceTree = "<group>"; };
		55038DE3144E399D00EA5841 /* SwiftPlacedText.m */ = {isa = PBXFileReference; fileEncoding = 4; lastKnownFileType = sourcecode.c.objc; name = SwiftPlacedText.m; path = Source/SwiftPlacedText.m; sourceTree = "<group>"; };
		55038DE5144E489D00EA5841 /* SwiftHTMLToCoreTextConverter.h */ = {isa = PBXFileReference; fileEncoding = 4; lastKnownFileType = sourcecode.c.h; name = SwiftHTMLToCoreTextConverter.h; path = Source/SwiftHTMLToCoreTextConverter.h; sourceTree = "<group>"; };
		55038DE6144E489E00EA5841 /* SwiftHTMLToCoreTextConverter.m */ = {isa = PBXFileReference; fileEncoding = 4; lastKnownFileType = sourcecode.c.objc; name = SwiftHTMLToCoreTextConverter.m; path = Source/SwiftHTMLToCoreTextConverter.m; sourceTree = "<group>"; };
		550C99B4145A03F200836C62 /* SwiftSoundPlayer.h */ = {isa = PBXFileReference; fileEncoding = 4; lastKnownFileType = sourcecode.c.h; name = SwiftSoundPlayer.h; path = Source/SwiftSoundPlayer.h; sourceTree = "<group>"; };
		550C99B5145A03F200836C62 /* SwiftSoundPlayer.m */ = {isa = PBXFileReference; fileEncoding = 4; lastKnownFileType = sourcecode.c.objc; name = SwiftSoundPlayer.m; path = Source/SwiftSoundPlayer.m; sourceTree = "<group>"; };
		550C99B8145A04FD00836C62 /* SwiftSoundEvent.h */ = {isa = PBXFileReference; fileEncoding = 4; lastKnownFileType = sourcecode.c.h; name = SwiftSoundEvent.h; path = Source/SwiftSoundEvent.h; sourceTree = "<group>"; };
		550C99B9145A04FD00836C62 /* SwiftSoundEvent.m */ = {isa = PBXFileReference; fileEncoding = 4; lastKnownFileType = sourcecode.c.objc; name = SwiftSoundEvent.m; path = Source/SwiftSoundEvent.m; sourceTree = "<group>"; };
		5516B4C41446D0EA00231D67 /* libSwiftCoreMac.a */ = {isa = PBXFileReference; explicitFileType = archive.ar; includeInIndex = 0; path = libSwiftCoreMac.a; sourceTree = BUILT_PRODUCTS_DIR; };
		5516B4C51446D0EA00231D67 /* Cocoa.framework */ = {isa = PBXFileReference; lastKnownFileType = wrapper.framework; name = Cocoa.framework; path = System/Library/Frameworks/Cocoa.framework; sourceTree = SDKROOT; };
		5516B4C81446D0EA00231D67 /* AppKit.framework */ = {isa = PBXFileReference; lastKnownFileType = wrapper.framework; name = AppKit.framework; path = System/Library/Frameworks/AppKit.framework; sourceTree = SDKROOT; };
		5516B4CA1446D0EA00231D67 /* Foundation.framework */ = {isa = PBXFileReference; lastKnownFileType = wrapper.framework; name = Foundation.framework; path = System/Library/Frameworks/Foundation.framework; sourceTree = SDKROOT; };
		5516B509144799FA00231D67 /* SwiftPNGExporter.h */ = {isa = PBXFileReference; fileEncoding = 4; lastKnownFileType = sourcecode.c.h; name = SwiftPNGExporter.h; path = Source/SwiftPNGExporter.h; sourceTree = "<group>"; };
		5516B50A144799FA00231D67 /* SwiftPNGExporter.m */ = {isa = PBXFileReference; fileEncoding = 4; lastKnownFileType = sourcecode.c.objc; name = SwiftPNGExporter.m; path = Source/SwiftPNGExporter.m; sourceTree = "<group>"; };
		5516B50C14479A0D00231D67 /* SwiftSVGExporter.h */ = {isa = PBXFileReference; fileEncoding = 4; lastKnownFileType = sourcecode.c.h; name = SwiftSVGExporter.h; path = Source/SwiftSVGExporter.h; sourceTree = "<group>"; };
		5516B50D14479A0D00231D67 /* SwiftSVGExporter.m */ = {isa = PBXFileReference; fileEncoding = 4; lastKnownFileType = sourcecode.c.objc; name = SwiftSVGExporter.m; path = Source/SwiftSVGExporter.m; sourceTree = "<group>"; };
		5545A6AF1458B70A001428F6 /* SwiftSoundDefinition.h */ = {isa = PBXFileReference; fileEncoding = 4; lastKnownFileType = sourcecode.c.h; name = SwiftSoundDefinition.h; path = Source/SwiftSoundDefinition.h; sourceTree = "<group>"; };
		5545A6B01458B70A001428F6 /* SwiftSoundDefinition.m */ = {isa = PBXFileReference; fileEncoding = 4; lastKnownFileType = sourcecode.c.objc; name = SwiftSoundDefinition.m; path = Source/SwiftSoundDefinition.m; sourceTree = "<group>"; };
		5574A09C145CAB2B00DA4FB7 /* SwiftMPEGUtils.h */ = {isa = PBXFileReference; fileEncoding = 4; lastKnownFileType = sourcecode.c.h; name = SwiftMPEGUtils.h; path = Source/SwiftMPEGUtils.h; sourceTree = "<group>"; };
		5574A09D145CAB2C00DA4FB7 /* SwiftMPEGUtils.m */ = {isa = PBXFileReference; fileEncoding = 4; lastKnownFileType = sourcecode.c.objc; name = SwiftMPEGUtils.m; path = Source/SwiftMPEGUtils.m; sourceTree = "<group>"; };
		5574A0A0145D1BB300DA4FB7 /* SwiftDefinition.h */ = {isa = PBXFileReference; fileEncoding = 4; lastKnownFileType = sourcecode.c.h; name = SwiftDefinition.h; path = Source/SwiftDefinition.h; sourceTree = "<group>"; };
		5574A0A1145D238700DA4FB7 /* SwiftWriter.h */ = {isa = PBXFileReference; fileEncoding = 4; lastKnownFileType = sourcecode.c.h; name = SwiftWriter.h; path = Source/SwiftWriter.h; sourceTree = "<group>"; };
		5574A0A2145D238700DA4FB7 /* SwiftWriter.m */ = {isa = PBXFileReference; fileEncoding = 4; lastKnownFileType = sourcecode.c.objc; name = SwiftWriter.m; path = Source/SwiftWriter.m; sourceTree = "<group>"; };
		5595A5E91442BFFA00DECD41 /* libSwiftCore.a */ = {isa = PBXFileReference; explicitFileType = archive.ar; includeInIndex = 0; path = libSwiftCore.a; sourceTree = BUILT_PRODUCTS_DIR; };
		55C1B1EE14688E5B0010CB82 /* SwiftCore_iOS_Debug.xcconfig */ = {isa = PBXFileReference; fileEncoding = 4; lastKnownFileType = text.xcconfig; path = SwiftCore_iOS_Debug.xcconfig; sourceTree = "<group>"; };
		55C1B1EF14688E5B0010CB82 /* SwiftCore_iOS_Release.xcconfig */ = {isa = PBXFileReference; fileEncoding = 4; lastKnownFileType = text.xcconfig; path = SwiftCore_iOS_Release.xcconfig; sourceTree = "<group>"; };
		55C1B1F014688E5B0010CB82 /* SwiftCore_Mac_Debug.xcconfig */ = {isa = PBXFileReference; fileEncoding = 4; lastKnownFileType = text.xcconfig; path = SwiftCore_Mac_Debug.xcconfig; sourceTree = "<group>"; };
		55C1B1F114688E5B0010CB82 /* SwiftCore_Mac_Release.xcconfig */ = {isa = PBXFileReference; fileEncoding = 4; lastKnownFileType = text.xcconfig; path = SwiftCore_Mac_Release.xcconfig; sourceTree = "<group>"; };
		55C1B1F214688E5B0010CB82 /* SwiftCore_Base.xcconfig */ = {isa = PBXFileReference; fileEncoding = 4; lastKnownFileType = text.xcconfig; name = SwiftCore_Base.xcconfig; path = Config/SwiftCore_Base.xcconfig; sourceTree = "<group>"; };
		55C1B1F314688E5B0010CB82 /* SwiftCore_Debug.xcconfig */ = {isa = PBXFileReference; fileEncoding = 4; lastKnownFileType = text.xcconfig; name = SwiftCore_Debug.xcconfig; path = Config/SwiftCore_Debug.xcconfig; sourceTree = "<group>"; };
		55C1B1F414688E5B0010CB82 /* SwiftCore_iOS.xcconfig */ = {isa = PBXFileReference; fileEncoding = 4; lastKnownFileType = text.xcconfig; name = SwiftCore_iOS.xcconfig; path = Config/SwiftCore_iOS.xcconfig; sourceTree = "<group>"; };
		55C1B1F514688E5B0010CB82 /* SwiftCore_Mac.xcconfig */ = {isa = PBXFileReference; fileEncoding = 4; lastKnownFileType = text.xcconfig; name = SwiftCore_Mac.xcconfig; path = Config/SwiftCore_Mac.xcconfig; sourceTree = "<group>"; };
		55C1B1F614688E5B0010CB82 /* SwiftCore_Release.xcconfig */ = {isa = PBXFileReference; fileEncoding = 4; lastKnownFileType = text.xcconfig; name = SwiftCore_Release.xcconfig; path = Config/SwiftCore_Release.xcconfig; sourceTree = "<group>"; };
		55C1B1F7146890790010CB82 /* SwiftImport.h */ = {isa = PBXFileReference; fileEncoding = 4; lastKnownFileType = sourcecode.c.h; name = SwiftImport.h; path = Source/SwiftImport.h; sourceTree = "<group>"; };
		55DBFAB41443A453003AA0DA /* SwiftLayer.h */ = {isa = PBXFileReference; fileEncoding = 4; lastKnownFileType = sourcecode.c.h; name = SwiftLayer.h; path = Source/SwiftLayer.h; sourceTree = "<group>"; };
		55DBFAB51443A453003AA0DA /* SwiftLayer.m */ = {isa = PBXFileReference; fileEncoding = 4; lastKnownFileType = sourcecode.c.objc; name = SwiftLayer.m; path = Source/SwiftLayer.m; sourceTree = "<group>"; };
		55DBFABC1444EAAE003AA0DA /* SwiftMovieView.h */ = {isa = PBXFileReference; fileEncoding = 4; lastKnownFileType = sourcecode.c.h; name = SwiftMovieView.h; path = Source/SwiftMovieView.h; sourceTree = "<group>"; };
		55DBFABD1444EAAE003AA0DA /* SwiftMovieView.m */ = {isa = PBXFileReference; fileEncoding = 4; lastKnownFileType = sourcecode.c.objc; name = SwiftMovieView.m; path = Source/SwiftMovieView.m; sourceTree = "<group>"; };
		55DBFABF1444EE1F003AA0DA /* SwiftScene.h */ = {isa = PBXFileReference; fileEncoding = 4; lastKnownFileType = sourcecode.c.h; name = SwiftScene.h; path = Source/SwiftScene.h; sourceTree = "<group>"; };
		55DBFAC01444EE20003AA0DA /* SwiftScene.m */ = {isa = PBXFileReference; fileEncoding = 4; lastKnownFileType = sourcecode.c.objc; name = SwiftScene.m; path = Source/SwiftScene.m; sourceTree = "<group>"; };
		55ED37A814538C840085EEC3 /* SwiftMultiLayer.h */ = {isa = PBXFileReference; fileEncoding = 4; lastKnownFileType = sourcecode.c.h; name = SwiftMultiLayer.h; path = Source/SwiftMultiLayer.h; sourceTree = "<group>"; };
		55ED37A914538C840085EEC3 /* SwiftMultiLayer.m */ = {isa = PBXFileReference; fileEncoding = 4; lastKnownFileType = sourcecode.c.objc; name = SwiftMultiLayer.m; path = Source/SwiftMultiLayer.m; sourceTree = "<group>"; };
		55ED37AC14538F280085EEC3 /* SwiftSingleLayer.h */ = {isa = PBXFileReference; fileEncoding = 4; lastKnownFileType = sourcecode.c.h; name = SwiftSingleLayer.h; path = Source/SwiftSingleLayer.h; sourceTree = "<group>"; };
		55ED37AD14538F280085EEC3 /* SwiftSingleLayer.m */ = {isa = PBXFileReference; fileEncoding = 4; lastKnownFileType = sourcecode.c.objc; name = SwiftSingleLayer.m; path = Source/SwiftSingleLayer.m; sourceTree = "<group>"; };
		55F01684144F8BAE0068002B /* SwiftPlacedStaticText.h */ = {isa = PBXFileReference; fileEncoding = 4; lastKnownFileType = sourcecode.c.h; name = SwiftPlacedStaticText.h; path = Source/SwiftPlacedStaticText.h; sourceTree = "<group>"; };
		55F01685144F8BAE0068002B /* SwiftPlacedStaticText.m */ = {isa = PBXFileReference; fileEncoding = 4; lastKnownFileType = sourcecode.c.objc; name = SwiftPlacedStaticText.m; path = Source/SwiftPlacedStaticText.m; sourceTree = "<group>"; };
		55F65A5D14429C9E00E12C27 /* SwiftBase.h */ = {isa = PBXFileReference; lastKnownFileType = sourcecode.c.h; name = SwiftBase.h; path = Source/SwiftBase.h; sourceTree = "<group>"; };
		55F65A5E14429C9E00E12C27 /* SwiftBase.m */ = {isa = PBXFileReference; lastKnownFileType = sourcecode.c.objc; name = SwiftBase.m; path = Source/SwiftBase.m; sourceTree = "<group>"; };
		55F65A5F14429C9E00E12C27 /* SwiftTextDefinition.h */ = {isa = PBXFileReference; lastKnownFileType = sourcecode.c.h; name = SwiftTextDefinition.h; path = Source/SwiftTextDefinition.h; sourceTree = "<group>"; };
		55F65A6014429C9E00E12C27 /* SwiftTextDefinition.m */ = {isa = PBXFileReference; lastKnownFileType = sourcecode.c.objc; name = SwiftTextDefinition.m; path = Source/SwiftTextDefinition.m; sourceTree = "<group>"; };
		55F65A6114429C9E00E12C27 /* SwiftFillStyle.h */ = {isa = PBXFileReference; lastKnownFileType = sourcecode.c.h; name = SwiftFillStyle.h; path = Source/SwiftFillStyle.h; sourceTree = "<group>"; };
		55F65A6214429C9E00E12C27 /* SwiftFillStyle.m */ = {isa = PBXFileReference; lastKnownFileType = sourcecode.c.objc; name = SwiftFillStyle.m; path = Source/SwiftFillStyle.m; sourceTree = "<group>"; };
		55F65A6314429C9E00E12C27 /* SwiftFontDefinition.h */ = {isa = PBXFileReference; lastKnownFileType = sourcecode.c.h; name = SwiftFontDefinition.h; path = Source/SwiftFontDefinition.h; sourceTree = "<group>"; };
		55F65A6414429C9E00E12C27 /* SwiftFontDefinition.m */ = {isa = PBXFileReference; lastKnownFileType = sourcecode.c.objc; name = SwiftFontDefinition.m; path = Source/SwiftFontDefinition.m; sourceTree = "<group>"; };
		55F65A6514429C9E00E12C27 /* SwiftFontGlyph.h */ = {isa = PBXFileReference; lastKnownFileType = sourcecode.c.h; name = SwiftFontGlyph.h; path = Source/SwiftFontGlyph.h; sourceTree = "<group>"; };
		55F65A6614429C9E00E12C27 /* SwiftFontGlyph.m */ = {isa = PBXFileReference; lastKnownFileType = sourcecode.c.objc; name = SwiftFontGlyph.m; path = Source/SwiftFontGlyph.m; sourceTree = "<group>"; };
		55F65A6714429C9E00E12C27 /* SwiftFrame.h */ = {isa = PBXFileReference; lastKnownFileType = sourcecode.c.h; name = SwiftFrame.h; path = Source/SwiftFrame.h; sourceTree = "<group>"; };
		55F65A6814429C9E00E12C27 /* SwiftFrame.m */ = {isa = PBXFileReference; lastKnownFileType = sourcecode.c.objc; name = SwiftFrame.m; path = Source/SwiftFrame.m; sourceTree = "<group>"; };
		55F65A6914429C9E00E12C27 /* SwiftGradient.h */ = {isa = PBXFileReference; lastKnownFileType = sourcecode.c.h; name = SwiftGradient.h; path = Source/SwiftGradient.h; sourceTree = "<group>"; };
		55F65A6A14429C9E00E12C27 /* SwiftGradient.m */ = {isa = PBXFileReference; lastKnownFileType = sourcecode.c.objc; name = SwiftGradient.m; path = Source/SwiftGradient.m; sourceTree = "<group>"; };
		55F65A6B14429C9E00E12C27 /* SwiftLineStyle.h */ = {isa = PBXFileReference; lastKnownFileType = sourcecode.c.h; name = SwiftLineStyle.h; path = Source/SwiftLineStyle.h; sourceTree = "<group>"; };
		55F65A6C14429C9E00E12C27 /* SwiftLineStyle.m */ = {isa = PBXFileReference; lastKnownFileType = sourcecode.c.objc; name = SwiftLineStyle.m; path = Source/SwiftLineStyle.m; sourceTree = "<group>"; };
		55F65A6D14429C9E00E12C27 /* SwiftMovie.h */ = {isa = PBXFileReference; lastKnownFileType = sourcecode.c.h; name = SwiftMovie.h; path = Source/SwiftMovie.h; sourceTree = "<group>"; };
		55F65A6E14429C9E00E12C27 /* SwiftMovie.m */ = {isa = PBXFileReference; lastKnownFileType = sourcecode.c.objc; name = SwiftMovie.m; path = Source/SwiftMovie.m; sourceTree = "<group>"; };
		55F65A6F14429C9E00E12C27 /* SwiftRenderer.h */ = {isa = PBXFileReference; lastKnownFileType = sourcecode.c.h; name = SwiftRenderer.h; path = Source/SwiftRenderer.h; sourceTree = "<group>"; };
		55F65A7014429C9E00E12C27 /* SwiftRenderer.m */ = {isa = PBXFileReference; lastKnownFileType = sourcecode.c.objc; name = SwiftRenderer.m; path = Source/SwiftRenderer.m; sourceTree = "<group>"; };
		55F65A7114429C9E00E12C27 /* SwiftParser.h */ = {isa = PBXFileReference; lastKnownFileType = sourcecode.c.h; name = SwiftParser.h; path = Source/SwiftParser.h; sourceTree = "<group>"; };
		55F65A7214429C9E00E12C27 /* SwiftParser.m */ = {isa = PBXFileReference; lastKnownFileType = sourcecode.c.objc; name = SwiftParser.m; path = Source/SwiftParser.m; sourceTree = "<group>"; };
		55F65A7314429C9E00E12C27 /* SwiftPath.h */ = {isa = PBXFileReference; lastKnownFileType = sourcecode.c.h; name = SwiftPath.h; path = Source/SwiftPath.h; sourceTree = "<group>"; };
		55F65A7414429C9E00E12C27 /* SwiftPath.m */ = {isa = PBXFileReference; lastKnownFileType = sourcecode.c.objc; name = SwiftPath.m; path = Source/SwiftPath.m; sourceTree = "<group>"; };
		55F65A7714429C9E00E12C27 /* SwiftPlacedObject.h */ = {isa = PBXFileReference; lastKnownFileType = sourcecode.c.h; name = SwiftPlacedObject.h; path = Source/SwiftPlacedObject.h; sourceTree = "<group>"; };
		55F65A7814429C9E00E12C27 /* SwiftPlacedObject.m */ = {isa = PBXFileReference; lastKnownFileType = sourcecode.c.objc; name = SwiftPlacedObject.m; path = Source/SwiftPlacedObject.m; sourceTree = "<group>"; };
		55F65A7914429C9E00E12C27 /* SwiftShapeDefinition.h */ = {isa = PBXFileReference; lastKnownFileType = sourcecode.c.h; name = SwiftShapeDefinition.h; path = Source/SwiftShapeDefinition.h; sourceTree = "<group>"; };
		55F65A7A14429C9E00E12C27 /* SwiftShapeDefinition.m */ = {isa = PBXFileReference; lastKnownFileType = sourcecode.c.objc; name = SwiftShapeDefinition.m; path = Source/SwiftShapeDefinition.m; sourceTree = "<group>"; };
		55F65A7B14429C9E00E12C27 /* SwiftSpriteDefinition.h */ = {isa = PBXFileReference; lastKnownFileType = sourcecode.c.h; name = SwiftSpriteDefinition.h; path = Source/SwiftSpriteDefinition.h; sourceTree = "<group>"; };
		55F65A7C14429C9E00E12C27 /* SwiftSpriteDefinition.m */ = {isa = PBXFileReference; lastKnownFileType = sourcecode.c.objc; name = SwiftSpriteDefinition.m; path = Source/SwiftSpriteDefinition.m; sourceTree = "<group>"; };
		55F65A7D14429C9E00E12C27 /* SwiftStaticTextDefinition.h */ = {isa = PBXFileReference; lastKnownFileType = sourcecode.c.h; name = SwiftStaticTextDefinition.h; path = Source/SwiftStaticTextDefinition.h; sourceTree = "<group>"; };
		55F65A7E14429C9E00E12C27 /* SwiftStaticTextDefinition.m */ = {isa = PBXFileReference; lastKnownFileType = sourcecode.c.objc; name = SwiftStaticTextDefinition.m; path = Source/SwiftStaticTextDefinition.m; sourceTree = "<group>"; };
		55F65A7F14429C9E00E12C27 /* SwiftTextRecord.h */ = {isa = PBXFileReference; lastKnownFileType = sourcecode.c.h; name = SwiftTextRecord.h; path = Source/SwiftTextRecord.h; sourceTree = "<group>"; };
		55F65A8014429C9E00E12C27 /* SwiftTextRecord.m */ = {isa = PBXFileReference; lastKnownFileType = sourcecode.c.objc; name = SwiftTextRecord.m; path = Source/SwiftTextRecord.m; sourceTree = "<group>"; };
		55F65A8814429D1400E12C27 /* Foundation.framework */ = {isa = PBXFileReference; lastKnownFileType = wrapper.framework; name = Foundation.framework; path = System/Library/Frameworks/Foundation.framework; sourceTree = SDKROOT; };
		55F65AF014429F0D00E12C27 /* CoreFoundation.framework */ = {isa = PBXFileReference; lastKnownFileType = wrapper.framework; name = CoreFoundation.framework; path = System/Library/Frameworks/CoreFoundation.framework; sourceTree = SDKROOT; };
		55F65AFE1442A01000E12C27 /* en */ = {isa = PBXFileReference; lastKnownFileType = text.plist.strings; name = en; path = Resources/en.lproj/InfoPlist.strings; sourceTree = "<group>"; };
		55F65B251442A2B300E12C27 /* SwiftCore.h */ = {isa = PBXFileReference; fileEncoding = 4; lastKnownFileType = sourcecode.c.h; name = SwiftCore.h; path = Source/SwiftCore.h; sourceTree = "<group>"; };
		55F9C75614464B1200FE8E4F /* SwiftSceneAndFrameLabelData.h */ = {isa = PBXFileReference; fileEncoding = 4; lastKnownFileType = sourcecode.c.h; name = SwiftSceneAndFrameLabelData.h; path = Source/SwiftSceneAndFrameLabelData.h; sourceTree = "<group>"; };
		55F9C75714464B1300FE8E4F /* SwiftSceneAndFrameLabelData.m */ = {isa = PBXFileReference; fileEncoding = 4; lastKnownFileType = sourcecode.c.objc; name = SwiftSceneAndFrameLabelData.m; path = Source/SwiftSceneAndFrameLabelData.m; sourceTree = "<group>"; };
/* End PBXFileReference section */

/* Begin PBXFrameworksBuildPhase section */
		5516B4C11446D0EA00231D67 /* Frameworks */ = {
			isa = PBXFrameworksBuildPhase;
			buildActionMask = 2147483647;
			files = (
				5516B4C61446D0EA00231D67 /* Cocoa.framework in Frameworks */,
			);
			runOnlyForDeploymentPostprocessing = 0;
		};
		5595A5E61442BFFA00DECD41 /* Frameworks */ = {
			isa = PBXFrameworksBuildPhase;
			buildActionMask = 2147483647;
			files = (
			);
			runOnlyForDeploymentPostprocessing = 0;
		};
/* End PBXFrameworksBuildPhase section */

/* Begin PBXGroup section */
		55038DF1144EB79500EA5841 /* Definitions */ = {
			isa = PBXGroup;
			children = (
				5574A0A0145D1BB300DA4FB7 /* SwiftDefinition.h */,
				55F65A5F14429C9E00E12C27 /* SwiftTextDefinition.h */,
				55F65A6014429C9E00E12C27 /* SwiftTextDefinition.m */,
				55F65A6314429C9E00E12C27 /* SwiftFontDefinition.h */,
				55F65A6414429C9E00E12C27 /* SwiftFontDefinition.m */,
				55F65A7914429C9E00E12C27 /* SwiftShapeDefinition.h */,
				55F65A7A14429C9E00E12C27 /* SwiftShapeDefinition.m */,
				55F65A7B14429C9E00E12C27 /* SwiftSpriteDefinition.h */,
				55F65A7C14429C9E00E12C27 /* SwiftSpriteDefinition.m */,
				5545A6AF1458B70A001428F6 /* SwiftSoundDefinition.h */,
				5545A6B01458B70A001428F6 /* SwiftSoundDefinition.m */,
				55F65A7D14429C9E00E12C27 /* SwiftStaticTextDefinition.h */,
				55F65A7E14429C9E00E12C27 /* SwiftStaticTextDefinition.m */,
			);
			name = Definitions;
			sourceTree = "<group>";
		};
		55038DF2144EB7EF00EA5841 /* Models */ = {
			isa = PBXGroup;
			children = (
				55F65A6114429C9E00E12C27 /* SwiftFillStyle.h */,
				55F65A6214429C9E00E12C27 /* SwiftFillStyle.m */,
				55F65A6514429C9E00E12C27 /* SwiftFontGlyph.h */,
				55F65A6614429C9E00E12C27 /* SwiftFontGlyph.m */,
				55F65A6914429C9E00E12C27 /* SwiftGradient.h */,
				55F65A6A14429C9E00E12C27 /* SwiftGradient.m */,
				55038DE5144E489D00EA5841 /* SwiftHTMLToCoreTextConverter.h */,
				55038DE6144E489E00EA5841 /* SwiftHTMLToCoreTextConverter.m */,
				55F65A6B14429C9E00E12C27 /* SwiftLineStyle.h */,
				55F65A6C14429C9E00E12C27 /* SwiftLineStyle.m */,
				55F65A7314429C9E00E12C27 /* SwiftPath.h */,
				55F65A7414429C9E00E12C27 /* SwiftPath.m */,
				55F9C75614464B1200FE8E4F /* SwiftSceneAndFrameLabelData.h */,
				55F9C75714464B1300FE8E4F /* SwiftSceneAndFrameLabelData.m */,
				55F65A7F14429C9E00E12C27 /* SwiftTextRecord.h */,
				55F65A8014429C9E00E12C27 /* SwiftTextRecord.m */,
			);
			name = Models;
			sourceTree = "<group>";
		};
		5516B4C71446D0EA00231D67 /* Other Frameworks */ = {
			isa = PBXGroup;
			children = (
				5516B4C81446D0EA00231D67 /* AppKit.framework */,
				5516B4CA1446D0EA00231D67 /* Foundation.framework */,
			);
			name = "Other Frameworks";
			sourceTree = "<group>";
		};
		5516B507144799B300231D67 /* Exporters */ = {
			isa = PBXGroup;
			children = (
				5516B509144799FA00231D67 /* SwiftPNGExporter.h */,
				5516B50A144799FA00231D67 /* SwiftPNGExporter.m */,
				5516B50C14479A0D00231D67 /* SwiftSVGExporter.h */,
				5516B50D14479A0D00231D67 /* SwiftSVGExporter.m */,
			);
			name = Exporters;
			sourceTree = "<group>";
		};
		55C1B1ED14688E5B0010CB82 /* Combined */ = {
			isa = PBXGroup;
			children = (
				55C1B1EE14688E5B0010CB82 /* SwiftCore_iOS_Debug.xcconfig */,
				55C1B1EF14688E5B0010CB82 /* SwiftCore_iOS_Release.xcconfig */,
				55C1B1F014688E5B0010CB82 /* SwiftCore_Mac_Debug.xcconfig */,
				55C1B1F114688E5B0010CB82 /* SwiftCore_Mac_Release.xcconfig */,
			);
			name = Combined;
			path = Config/Combined;
			sourceTree = "<group>";
		};
		55DBFAB71443A556003AA0DA /* Movie */ = {
			isa = PBXGroup;
			children = (
				55F65A6714429C9E00E12C27 /* SwiftFrame.h */,
				55F65A6814429C9E00E12C27 /* SwiftFrame.m */,
				55F65A6D14429C9E00E12C27 /* SwiftMovie.h */,
				55F65A6E14429C9E00E12C27 /* SwiftMovie.m */,
				55F65A7714429C9E00E12C27 /* SwiftPlacedObject.h */,
				55F65A7814429C9E00E12C27 /* SwiftPlacedObject.m */,
				55F01684144F8BAE0068002B /* SwiftPlacedStaticText.h */,
				55F01685144F8BAE0068002B /* SwiftPlacedStaticText.m */,
				55038DE2144E399C00EA5841 /* SwiftPlacedText.h */,
				55038DE3144E399D00EA5841 /* SwiftPlacedText.m */,
				55038DDE144CDA4900EA5841 /* SwiftPlayhead.h */,
				55038DDF144CDA4900EA5841 /* SwiftPlayhead.m */,
				55DBFABF1444EE1F003AA0DA /* SwiftScene.h */,
				55DBFAC01444EE20003AA0DA /* SwiftScene.m */,
				550C99B8145A04FD00836C62 /* SwiftSoundEvent.h */,
				550C99B9145A04FD00836C62 /* SwiftSoundEvent.m */,
				550C99B4145A03F200836C62 /* SwiftSoundPlayer.h */,
				550C99B5145A03F200836C62 /* SwiftSoundPlayer.m */,
			);
			name = Movie;
			sourceTree = "<group>";
		};
		55DBFAB81443A56D003AA0DA /* Base */ = {
			isa = PBXGroup;
			children = (
				55F65B251442A2B300E12C27 /* SwiftCore.h */,
				55C1B1F7146890790010CB82 /* SwiftImport.h */,
				55F65A5D14429C9E00E12C27 /* SwiftBase.h */,
				55F65A5E14429C9E00E12C27 /* SwiftBase.m */,
				5574A09C145CAB2B00DA4FB7 /* SwiftMPEGUtils.h */,
				5574A09D145CAB2C00DA4FB7 /* SwiftMPEGUtils.m */,
				55F65A7114429C9E00E12C27 /* SwiftParser.h */,
				55F65A7214429C9E00E12C27 /* SwiftParser.m */,
				5574A0A1145D238700DA4FB7 /* SwiftWriter.h */,
				5574A0A2145D238700DA4FB7 /* SwiftWriter.m */,
			);
			name = Base;
			sourceTree = "<group>";
		};
		55DBFAB91443A5C1003AA0DA /* Rendering */ = {
			isa = PBXGroup;
			children = (
				55DBFAB41443A453003AA0DA /* SwiftLayer.h */,
				55DBFAB51443A453003AA0DA /* SwiftLayer.m */,
				55ED37A814538C840085EEC3 /* SwiftMultiLayer.h */,
				55ED37A914538C840085EEC3 /* SwiftMultiLayer.m */,
				55ED37AC14538F280085EEC3 /* SwiftSingleLayer.h */,
				55ED37AD14538F280085EEC3 /* SwiftSingleLayer.m */,
				55F65A6F14429C9E00E12C27 /* SwiftRenderer.h */,
				55F65A7014429C9E00E12C27 /* SwiftRenderer.m */,
				55DBFABC1444EAAE003AA0DA /* SwiftMovieView.h */,
				55DBFABD1444EAAE003AA0DA /* SwiftMovieView.m */,
			);
			name = Rendering;
			sourceTree = "<group>";
		};
		55F65A2E14429BCB00E12C27 = {
			isa = PBXGroup;
			children = (
				55F65A3814429C3400E12C27 /* Config */,
				55F65AFC1442A00300E12C27 /* Resources */,
				55F65A3714429C2C00E12C27 /* Source */,
				55F65A8714429D1400E12C27 /* Frameworks */,
				55F65A8614429D1400E12C27 /* Products */,
			);
			sourceTree = "<group>";
		};
		55F65A3714429C2C00E12C27 /* Source */ = {
			isa = PBXGroup;
			children = (
				55DBFAB81443A56D003AA0DA /* Base */,
				55038DF2144EB7EF00EA5841 /* Models */,
				55038DF1144EB79500EA5841 /* Definitions */,
				55DBFAB71443A556003AA0DA /* Movie */,
				55DBFAB91443A5C1003AA0DA /* Rendering */,
				5516B507144799B300231D67 /* Exporters */,
			);
			name = Source;
			sourceTree = "<group>";
		};
		55F65A3814429C3400E12C27 /* Config */ = {
			isa = PBXGroup;
			children = (
				55C1B1ED14688E5B0010CB82 /* Combined */,
				55C1B1F214688E5B0010CB82 /* SwiftCore_Base.xcconfig */,
				55C1B1F314688E5B0010CB82 /* SwiftCore_Debug.xcconfig */,
				55C1B1F614688E5B0010CB82 /* SwiftCore_Release.xcconfig */,
				55C1B1F414688E5B0010CB82 /* SwiftCore_iOS.xcconfig */,
				55C1B1F514688E5B0010CB82 /* SwiftCore_Mac.xcconfig */,
			);
			name = Config;
			sourceTree = "<group>";
		};
		55F65A8614429D1400E12C27 /* Products */ = {
			isa = PBXGroup;
			children = (
				5595A5E91442BFFA00DECD41 /* libSwiftCore.a */,
				5516B4C41446D0EA00231D67 /* libSwiftCoreMac.a */,
			);
			name = Products;
			sourceTree = "<group>";
		};
		55F65A8714429D1400E12C27 /* Frameworks */ = {
			isa = PBXGroup;
			children = (
				55F65A8814429D1400E12C27 /* Foundation.framework */,
				55F65AF014429F0D00E12C27 /* CoreFoundation.framework */,
				5516B4C51446D0EA00231D67 /* Cocoa.framework */,
				5516B4C71446D0EA00231D67 /* Other Frameworks */,
			);
			name = Frameworks;
			sourceTree = "<group>";
		};
		55F65AFC1442A00300E12C27 /* Resources */ = {
			isa = PBXGroup;
			children = (
				55F65AFD1442A01000E12C27 /* InfoPlist.strings */,
			);
			name = Resources;
			sourceTree = "<group>";
		};
/* End PBXGroup section */

/* Begin PBXHeadersBuildPhase section */
		5516B4C21446D0EA00231D67 /* Headers */ = {
			isa = PBXHeadersBuildPhase;
			buildActionMask = 2147483647;
			files = (
			);
			runOnlyForDeploymentPostprocessing = 0;
		};
/* End PBXHeadersBuildPhase section */

/* Begin PBXNativeTarget section */
		5516B4C31446D0EA00231D67 /* SwiftCoreMac */ = {
			isa = PBXNativeTarget;
			buildConfigurationList = 5516B4D31446D0EA00231D67 /* Build configuration list for PBXNativeTarget "SwiftCoreMac" */;
			buildPhases = (
				5516B4C01446D0EA00231D67 /* Sources */,
				5516B4C11446D0EA00231D67 /* Frameworks */,
				5516B4C21446D0EA00231D67 /* Headers */,
			);
			buildRules = (
			);
			dependencies = (
			);
			name = SwiftCoreMac;
			productName = SwiftCoreMac;
			productReference = 5516B4C41446D0EA00231D67 /* libSwiftCoreMac.a */;
			productType = "com.apple.product-type.library.static";
		};
		5595A5E81442BFFA00DECD41 /* SwiftCore */ = {
			isa = PBXNativeTarget;
			buildConfigurationList = 5595A5F31442BFFA00DECD41 /* Build configuration list for PBXNativeTarget "SwiftCore" */;
			buildPhases = (
				5595A5E51442BFFA00DECD41 /* Sources */,
				5595A5E61442BFFA00DECD41 /* Frameworks */,
			);
			buildRules = (
			);
			dependencies = (
			);
			name = SwiftCore;
			productName = SwiftCore;
			productReference = 5595A5E91442BFFA00DECD41 /* libSwiftCore.a */;
			productType = "com.apple.product-type.library.static";
		};
/* End PBXNativeTarget section */

/* Begin PBXProject section */
		55F65A3014429BCB00E12C27 /* Project object */ = {
			isa = PBXProject;
			attributes = {
				LastUpgradeCheck = 0420;
			};
			buildConfigurationList = 55F65A3314429BCB00E12C27 /* Build configuration list for PBXProject "SwiftCore" */;
			compatibilityVersion = "Xcode 3.2";
			developmentRegion = English;
			hasScannedForEncodings = 0;
			knownRegions = (
				en,
			);
			mainGroup = 55F65A2E14429BCB00E12C27;
			productRefGroup = 55F65A8614429D1400E12C27 /* Products */;
			projectDirPath = "";
			projectRoot = "";
			targets = (
				5595A5E81442BFFA00DECD41 /* SwiftCore */,
				5516B4C31446D0EA00231D67 /* SwiftCoreMac */,
			);
		};
/* End PBXProject section */

/* Begin PBXSourcesBuildPhase section */
		5516B4C01446D0EA00231D67 /* Sources */ = {
			isa = PBXSourcesBuildPhase;
			buildActionMask = 2147483647;
			files = (
				55468097145F558C00BB74EB /* SwiftMPEGUtils.m in Sources */,
				55468098145F558C00BB74EB /* SwiftWriter.m in Sources */,
				55468099145F558C00BB74EB /* SwiftSoundDefinition.m in Sources */,
				5546809A145F558C00BB74EB /* SwiftSoundEvent.m in Sources */,
				5546809B145F558C00BB74EB /* SwiftSoundPlayer.m in Sources */,
				55ED37D9145409280085EEC3 /* SwiftHTMLToCoreTextConverter.m in Sources */,
				55ED37DA145409280085EEC3 /* SwiftPlacedStaticText.m in Sources */,
				55ED37DB145409280085EEC3 /* SwiftPlacedText.m in Sources */,
				55ED37DC145409280085EEC3 /* SwiftPlayhead.m in Sources */,
				55ED37DD145409280085EEC3 /* SwiftMultiLayer.m in Sources */,
				55ED37DE145409280085EEC3 /* SwiftSingleLayer.m in Sources */,
				5516B50F14479D5300231D67 /* SwiftPNGExporter.m in Sources */,
				5516B51014479D5300231D67 /* SwiftSVGExporter.m in Sources */,
				5516B4DD1446D75900231D67 /* SwiftParser.m in Sources */,
				5516B4DE1446D75900231D67 /* SwiftBase.m in Sources */,
				5516B4E01446D75900231D67 /* SwiftTextDefinition.m in Sources */,
				5516B4E11446D75900231D67 /* SwiftFillStyle.m in Sources */,
				5516B4E21446D75900231D67 /* SwiftFontDefinition.m in Sources */,
				5516B4E31446D75900231D67 /* SwiftFontGlyph.m in Sources */,
				5516B4E41446D75900231D67 /* SwiftFrame.m in Sources */,
				5516B4E51446D75900231D67 /* SwiftGradient.m in Sources */,
				5516B4E61446D75900231D67 /* SwiftLineStyle.m in Sources */,
				5516B4E71446D75900231D67 /* SwiftMovie.m in Sources */,
				5516B4E81446D75900231D67 /* SwiftPath.m in Sources */,
				5516B4EA1446D75900231D67 /* SwiftPlacedObject.m in Sources */,
				5516B4EB1446D75900231D67 /* SwiftScene.m in Sources */,
				5516B4EC1446D75900231D67 /* SwiftShapeDefinition.m in Sources */,
				5516B4ED1446D75900231D67 /* SwiftSceneAndFrameLabelData.m in Sources */,
				5516B4EE1446D75900231D67 /* SwiftSpriteDefinition.m in Sources */,
				5516B4EF1446D75900231D67 /* SwiftStaticTextDefinition.m in Sources */,
				5516B4F01446D75900231D67 /* SwiftTextRecord.m in Sources */,
				5516B4F11446D75900231D67 /* SwiftLayer.m in Sources */,
				5516B4F21446D75900231D67 /* SwiftRenderer.m in Sources */,
			);
			runOnlyForDeploymentPostprocessing = 0;
		};
		5595A5E51442BFFA00DECD41 /* Sources */ = {
			isa = PBXSourcesBuildPhase;
			buildActionMask = 2147483647;
			files = (
				5595A5F51442C03300DECD41 /* SwiftTextDefinition.m in Sources */,
				5595A5F61442C03300DECD41 /* SwiftFillStyle.m in Sources */,
				5595A5F71442C03300DECD41 /* SwiftFontDefinition.m in Sources */,
				5595A5F81442C03300DECD41 /* SwiftFontGlyph.m in Sources */,
				5595A5F91442C03300DECD41 /* SwiftFrame.m in Sources */,
				5595A5FA1442C03300DECD41 /* SwiftGradient.m in Sources */,
				5595A5FB1442C03300DECD41 /* SwiftLineStyle.m in Sources */,
				5595A5FC1442C03300DECD41 /* SwiftMovie.m in Sources */,
				5595A5FD1442C03300DECD41 /* SwiftRenderer.m in Sources */,
				5595A5FE1442C03300DECD41 /* SwiftParser.m in Sources */,
				5595A5FF1442C03300DECD41 /* SwiftPath.m in Sources */,
				5595A6011442C03300DECD41 /* SwiftPlacedObject.m in Sources */,
				5595A6021442C03300DECD41 /* SwiftShapeDefinition.m in Sources */,
				5595A6031442C03300DECD41 /* SwiftSpriteDefinition.m in Sources */,
				5595A6041442C03300DECD41 /* SwiftStaticTextDefinition.m in Sources */,
				5595A6051442C03300DECD41 /* SwiftTextRecord.m in Sources */,
				5595A6061442C03300DECD41 /* SwiftBase.m in Sources */,
				55DBFAB61443A454003AA0DA /* SwiftLayer.m in Sources */,
				55DBFABE1444EAAE003AA0DA /* SwiftMovieView.m in Sources */,
				55DBFAC11444EE22003AA0DA /* SwiftScene.m in Sources */,
				55F9C75814464B1300FE8E4F /* SwiftSceneAndFrameLabelData.m in Sources */,
				5516B50B144799FA00231D67 /* SwiftPNGExporter.m in Sources */,
				5516B50E14479A0D00231D67 /* SwiftSVGExporter.m in Sources */,
				55038DE0144CDA4900EA5841 /* SwiftPlayhead.m in Sources */,
				55038DE4144E399F00EA5841 /* SwiftPlacedText.m in Sources */,
				55038DE7144E489F00EA5841 /* SwiftHTMLToCoreTextConverter.m in Sources */,
				55F01686144F8BAE0068002B /* SwiftPlacedStaticText.m in Sources */,
				55ED37AA14538C840085EEC3 /* SwiftMultiLayer.m in Sources */,
				55ED37AE14538F290085EEC3 /* SwiftSingleLayer.m in Sources */,
				5545A6B11458B70A001428F6 /* SwiftSoundDefinition.m in Sources */,
				550C99B6145A03F200836C62 /* SwiftSoundPlayer.m in Sources */,
				550C99BA145A04FD00836C62 /* SwiftSoundEvent.m in Sources */,
				5574A09E145CAB2C00DA4FB7 /* SwiftMPEGUtils.m in Sources */,
				5574A0A3145D238800DA4FB7 /* SwiftWriter.m in Sources */,
			);
			runOnlyForDeploymentPostprocessing = 0;
		};
/* End PBXSourcesBuildPhase section */

/* Begin PBXVariantGroup section */
		55F65AFD1442A01000E12C27 /* InfoPlist.strings */ = {
			isa = PBXVariantGroup;
			children = (
				55F65AFE1442A01000E12C27 /* en */,
			);
			name = InfoPlist.strings;
			sourceTree = "<group>";
		};
/* End PBXVariantGroup section */

/* Begin XCBuildConfiguration section */
		5516B4D11446D0EA00231D67 /* Debug */ = {
			isa = XCBuildConfiguration;
			baseConfigurationReference = 55C1B1F014688E5B0010CB82 /* SwiftCore_Mac_Debug.xcconfig */;
			buildSettings = {
				HEADER_SEARCH_PATHS = (
					"$(inherited)",
					"$(SDKROOT)/usr/include/libxml2",
				);
			};
			name = Debug;
		};
		5516B4D21446D0EA00231D67 /* Release */ = {
			isa = XCBuildConfiguration;
			baseConfigurationReference = 55C1B1F114688E5B0010CB82 /* SwiftCore_Mac_Release.xcconfig */;
			buildSettings = {
				HEADER_SEARCH_PATHS = (
					"$(inherited)",
					"$(SDKROOT)/usr/include/libxml2",
				);
			};
			name = Release;
		};
		5595A5F11442BFFA00DECD41 /* Debug */ = {
			isa = XCBuildConfiguration;
			baseConfigurationReference = 55C1B1EE14688E5B0010CB82 /* SwiftCore_iOS_Debug.xcconfig */;
			buildSettings = {
				HEADER_SEARCH_PATHS = (
					"$(inherited)",
					"$(SDKROOT)/usr/include/libxml2",
				);
			};
			name = Debug;
		};
		5595A5F21442BFFA00DECD41 /* Release */ = {
			isa = XCBuildConfiguration;
			baseConfigurationReference = 55C1B1EF14688E5B0010CB82 /* SwiftCore_iOS_Release.xcconfig */;
			buildSettings = {
				HEADER_SEARCH_PATHS = (
					"$(inherited)",
					"$(SDKROOT)/usr/include/libxml2",
				);
			};
			name = Release;
		};
		55F65A3514429BCB00E12C27 /* Debug */ = {
			isa = XCBuildConfiguration;
			buildSettings = {
			};
			name = Debug;
		};
		55F65A3614429BCB00E12C27 /* Release */ = {
			isa = XCBuildConfiguration;
			buildSettings = {
			};
			name = Release;
		};
/* End XCBuildConfiguration section */

/* Begin XCConfigurationList section */
		5516B4D31446D0EA00231D67 /* Build configuration list for PBXNativeTarget "SwiftCoreMac" */ = {
			isa = XCConfigurationList;
			buildConfigurations = (
				5516B4D11446D0EA00231D67 /* Debug */,
				5516B4D21446D0EA00231D67 /* Release */,
			);
			defaultConfigurationIsVisible = 0;
			defaultConfigurationName = Release;
		};
		5595A5F31442BFFA00DECD41 /* Build configuration list for PBXNativeTarget "SwiftCore" */ = {
			isa = XCConfigurationList;
			buildConfigurations = (
				5595A5F11442BFFA00DECD41 /* Debug */,
				5595A5F21442BFFA00DECD41 /* Release */,
			);
			defaultConfigurationIsVisible = 0;
			defaultConfigurationName = Release;
		};
		55F65A3314429BCB00E12C27 /* Build configuration list for PBXProject "SwiftCore" */ = {
			isa = XCConfigurationList;
			buildConfigurations = (
				55F65A3514429BCB00E12C27 /* Debug */,
				55F65A3614429BCB00E12C27 /* Release */,
			);
			defaultConfigurationIsVisible = 0;
			defaultConfigurationName = Release;
		};
/* End XCConfigurationList section */
	};
	rootObject = 55F65A3014429BCB00E12C27 /* Project object */;
}
